{
  "version": 4,
  "terraform_version": "1.8.2",
  "serial": 122,
  "lineage": "f38e7559-58c8-b651-029f-4a4a4b280bc9",
  "outputs": {},
  "resources": [
    {
      "mode": "managed",
      "type": "azurerm_linux_virtual_machine",
      "name": "vm",
      "provider": "provider[\"registry.terraform.io/hashicorp/azurerm\"]",
      "instances": [
        {
          "index_key": 0,
          "schema_version": 0,
          "attributes": {
            "additional_capabilities": [],
            "admin_password": null,
            "admin_ssh_key": [
              {
                "public_key": "ssh-rsa AAAAB3NzaC1yc2EAAAADAQABAAABgQDr9s2j2bR4sVY0MN34wOyPMJlN9LEOPt3HgpVt9/DQrL8c+9TOzkQ7+61w8y+v7tcnTtz1PNL79etn1q8bjRq9siGLXO1g0ZeIjDph1fMI16Cs0RW8qx3Sf9EpID/HUWXy14UW1H2iACKzELeqV26Pqop43OfcjkCQNsCM+JmSCH/aQOkMYG7m77zFbCWu6nWZhl9umtRZAsy8CN2rYQewOdyMv0joFSXLcQ8Vsyc+rjg2zbc83YZKUw8AuGw8BZz35muYbvODAFYuU7TlVBmNfLFOWhVKSj5TfovkJrSjmkDnXYZbEKASpNI6XSTBQ1B2Ey+0wtIkoMWneK154E5L+RaxDmq/e04LSeThWs6zodn7U8BCO1pss6Hwwl7fpoHtwG9AdTWMXsppu3jd16F3J/SitHrbxUqkTDQTsvjXSsiZJyAnYTc7IFLqZ2VXsIU3rXbKeufNbPf0QL32TTToUI2c0vvAB4oVNDjifIFFivo3jyB1GnjDPny1StIRiLE= germain@FR-0772\n",
                "username": "devsecops"
              }
            ],
            "admin_username": "devsecops",
            "allow_extension_operations": true,
            "availability_set_id": "",
            "boot_diagnostics": [],
            "computer_name": "DevSecOps-Box",
            "custom_data": null,
            "dedicated_host_group_id": "",
            "dedicated_host_id": "",
            "disable_password_authentication": true,
            "edge_zone": "",
            "encryption_at_host_enabled": false,
            "eviction_policy": "",
            "extensions_time_budget": "PT1H30M",
            "id": "/subscriptions/e67af30a-7aac-47a6-866a-b451f9d97018/resourceGroups/rg_devsecops_studio/providers/Microsoft.Compute/virtualMachines/DevSecOps-Box",
            "identity": [],
            "license_type": "",
            "location": "westeurope",
            "max_bid_price": -1,
            "name": "DevSecOps-Box",
            "network_interface_ids": [
              "/subscriptions/e67af30a-7aac-47a6-866a-b451f9d97018/resourceGroups/rg_devsecops_studio/providers/Microsoft.Network/networkInterfaces/DevSecOps-Box-nic"
            ],
            "os_disk": [
              {
                "caching": "ReadWrite",
                "diff_disk_settings": [],
                "disk_encryption_set_id": "",
                "disk_size_gb": 30,
                "name": "DevSecOps-Box_OsDisk_1_50a4b0996f074101894459578609338a",
                "storage_account_type": "Standard_LRS",
                "write_accelerator_enabled": false
              }
            ],
            "patch_mode": "ImageDefault",
            "plan": [],
            "platform_fault_domain": -1,
            "priority": "Regular",
            "private_ip_address": "10.0.1.8",
            "private_ip_addresses": [
              "10.0.1.8"
            ],
            "provision_vm_agent": true,
            "proximity_placement_group_id": "",
            "public_ip_address": "",
            "public_ip_addresses": [],
            "resource_group_name": "rg_devsecops_studio",
            "secret": [],
            "secure_boot_enabled": false,
            "size": "Standard_F1s",
            "source_image_id": "",
            "source_image_reference": [
              {
                "offer": "0001-com-ubuntu-server-jammy",
                "publisher": "Canonical",
                "sku": "22_04-lts",
                "version": "latest"
              }
            ],
            "tags": {},
            "termination_notification": [],
            "timeouts": null,
            "user_data": "",
            "virtual_machine_id": "121b3dd8-b13e-48e9-8f43-0bb6d16dc958",
            "virtual_machine_scale_set_id": "",
            "vtpm_enabled": false,
            "zone": ""
          },
          "sensitive_attributes": [
            [
              {
                "type": "get_attr",
                "value": "custom_data"
              }
            ],
            [
              {
                "type": "get_attr",
                "value": "admin_password"
              }
            ]
          ],
          "private": "eyJlMmJmYjczMC1lY2FhLTExZTYtOGY4OC0zNDM2M2JjN2M0YzAiOnsiY3JlYXRlIjoyNzAwMDAwMDAwMDAwLCJkZWxldGUiOjI3MDAwMDAwMDAwMDAsInJlYWQiOjMwMDAwMDAwMDAwMCwidXBkYXRlIjoyNzAwMDAwMDAwMDAwfX0=",
          "dependencies": [
            "azurerm_network_interface.nic",
            "azurerm_resource_group.rg",
            "azurerm_subnet.subnet",
            "azurerm_virtual_network.vnet"
          ]
        },
        {
          "index_key": 1,
          "schema_version": 0,
          "attributes": {
            "additional_capabilities": [],
            "admin_password": null,
            "admin_ssh_key": [
              {
                "public_key": "ssh-rsa AAAAB3NzaC1yc2EAAAADAQABAAABgQDr9s2j2bR4sVY0MN34wOyPMJlN9LEOPt3HgpVt9/DQrL8c+9TOzkQ7+61w8y+v7tcnTtz1PNL79etn1q8bjRq9siGLXO1g0ZeIjDph1fMI16Cs0RW8qx3Sf9EpID/HUWXy14UW1H2iACKzELeqV26Pqop43OfcjkCQNsCM+JmSCH/aQOkMYG7m77zFbCWu6nWZhl9umtRZAsy8CN2rYQewOdyMv0joFSXLcQ8Vsyc+rjg2zbc83YZKUw8AuGw8BZz35muYbvODAFYuU7TlVBmNfLFOWhVKSj5TfovkJrSjmkDnXYZbEKASpNI6XSTBQ1B2Ey+0wtIkoMWneK154E5L+RaxDmq/e04LSeThWs6zodn7U8BCO1pss6Hwwl7fpoHtwG9AdTWMXsppu3jd16F3J/SitHrbxUqkTDQTsvjXSsiZJyAnYTc7IFLqZ2VXsIU3rXbKeufNbPf0QL32TTToUI2c0vvAB4oVNDjifIFFivo3jyB1GnjDPny1StIRiLE= germain@FR-0772\n",
                "username": "devsecops"
              }
            ],
            "admin_username": "devsecops",
            "allow_extension_operations": true,
            "availability_set_id": "",
            "boot_diagnostics": [],
            "computer_name": "jenkins",
            "custom_data": null,
            "dedicated_host_group_id": "",
            "dedicated_host_id": "",
            "disable_password_authentication": true,
            "edge_zone": "",
            "encryption_at_host_enabled": false,
            "eviction_policy": "",
            "extensions_time_budget": "PT1H30M",
            "id": "/subscriptions/e67af30a-7aac-47a6-866a-b451f9d97018/resourceGroups/rg_devsecops_studio/providers/Microsoft.Compute/virtualMachines/jenkins",
            "identity": [],
            "license_type": "",
            "location": "westeurope",
            "max_bid_price": -1,
            "name": "jenkins",
            "network_interface_ids": [
              "/subscriptions/e67af30a-7aac-47a6-866a-b451f9d97018/resourceGroups/rg_devsecops_studio/providers/Microsoft.Network/networkInterfaces/jenkins-nic"
            ],
            "os_disk": [
              {
                "caching": "ReadWrite",
                "diff_disk_settings": [],
                "disk_encryption_set_id": "",
                "disk_size_gb": 30,
                "name": "jenkins_OsDisk_1_31f3380abae34abfad3d57456da180b9",
                "storage_account_type": "Standard_LRS",
                "write_accelerator_enabled": false
              }
            ],
            "patch_mode": "ImageDefault",
            "plan": [],
            "platform_fault_domain": -1,
            "priority": "Regular",
            "private_ip_address": "10.0.1.6",
            "private_ip_addresses": [
              "10.0.1.6"
            ],
            "provision_vm_agent": true,
            "proximity_placement_group_id": "",
            "public_ip_address": "",
            "public_ip_addresses": [],
            "resource_group_name": "rg_devsecops_studio",
            "secret": [],
            "secure_boot_enabled": false,
            "size": "Standard_F1s",
            "source_image_id": "",
            "source_image_reference": [
              {
                "offer": "0001-com-ubuntu-server-jammy",
                "publisher": "Canonical",
                "sku": "22_04-lts",
                "version": "latest"
              }
            ],
            "tags": {},
            "termination_notification": [],
            "timeouts": null,
            "user_data": "",
            "virtual_machine_id": "87967661-df72-4413-b665-1109dbc4c210",
            "virtual_machine_scale_set_id": "",
            "vtpm_enabled": false,
            "zone": ""
          },
          "sensitive_attributes": [
            [
              {
                "type": "get_attr",
                "value": "custom_data"
              }
            ],
            [
              {
                "type": "get_attr",
                "value": "admin_password"
              }
            ]
          ],
          "private": "eyJlMmJmYjczMC1lY2FhLTExZTYtOGY4OC0zNDM2M2JjN2M0YzAiOnsiY3JlYXRlIjoyNzAwMDAwMDAwMDAwLCJkZWxldGUiOjI3MDAwMDAwMDAwMDAsInJlYWQiOjMwMDAwMDAwMDAwMCwidXBkYXRlIjoyNzAwMDAwMDAwMDAwfX0=",
          "dependencies": [
            "azurerm_network_interface.nic",
            "azurerm_resource_group.rg",
            "azurerm_subnet.subnet",
            "azurerm_virtual_network.vnet"
          ]
        },
        {
          "index_key": 2,
          "schema_version": 0,
          "attributes": {
            "additional_capabilities": [],
            "admin_password": null,
            "admin_ssh_key": [
              {
                "public_key": "ssh-rsa AAAAB3NzaC1yc2EAAAADAQABAAABgQDr9s2j2bR4sVY0MN34wOyPMJlN9LEOPt3HgpVt9/DQrL8c+9TOzkQ7+61w8y+v7tcnTtz1PNL79etn1q8bjRq9siGLXO1g0ZeIjDph1fMI16Cs0RW8qx3Sf9EpID/HUWXy14UW1H2iACKzELeqV26Pqop43OfcjkCQNsCM+JmSCH/aQOkMYG7m77zFbCWu6nWZhl9umtRZAsy8CN2rYQewOdyMv0joFSXLcQ8Vsyc+rjg2zbc83YZKUw8AuGw8BZz35muYbvODAFYuU7TlVBmNfLFOWhVKSj5TfovkJrSjmkDnXYZbEKASpNI6XSTBQ1B2Ey+0wtIkoMWneK154E5L+RaxDmq/e04LSeThWs6zodn7U8BCO1pss6Hwwl7fpoHtwG9AdTWMXsppu3jd16F3J/SitHrbxUqkTDQTsvjXSsiZJyAnYTc7IFLqZ2VXsIU3rXbKeufNbPf0QL32TTToUI2c0vvAB4oVNDjifIFFivo3jyB1GnjDPny1StIRiLE= germain@FR-0772\n",
                "username": "devsecops"
              }
            ],
            "admin_username": "devsecops",
            "allow_extension_operations": true,
            "availability_set_id": "",
            "boot_diagnostics": [],
            "computer_name": "gitlab",
            "custom_data": null,
            "dedicated_host_group_id": "",
            "dedicated_host_id": "",
            "disable_password_authentication": true,
            "edge_zone": "",
            "encryption_at_host_enabled": false,
            "eviction_policy": "",
            "extensions_time_budget": "PT1H30M",
            "id": "/subscriptions/e67af30a-7aac-47a6-866a-b451f9d97018/resourceGroups/rg_devsecops_studio/providers/Microsoft.Compute/virtualMachines/gitlab",
            "identity": [],
            "license_type": "",
            "location": "westeurope",
            "max_bid_price": -1,
            "name": "gitlab",
            "network_interface_ids": [
              "/subscriptions/e67af30a-7aac-47a6-866a-b451f9d97018/resourceGroups/rg_devsecops_studio/providers/Microsoft.Network/networkInterfaces/gitlab-nic"
            ],
            "os_disk": [
              {
                "caching": "ReadWrite",
                "diff_disk_settings": [],
                "disk_encryption_set_id": "",
                "disk_size_gb": 30,
                "name": "gitlab_OsDisk_1_728a3ca8333d4075be3a3604bdc82a1a",
                "storage_account_type": "Standard_LRS",
                "write_accelerator_enabled": false
              }
            ],
            "patch_mode": "ImageDefault",
            "plan": [],
            "platform_fault_domain": -1,
            "priority": "Regular",
            "private_ip_address": "10.0.1.9",
            "private_ip_addresses": [
              "10.0.1.9"
            ],
            "provision_vm_agent": true,
            "proximity_placement_group_id": "",
            "public_ip_address": "",
            "public_ip_addresses": [],
            "resource_group_name": "rg_devsecops_studio",
            "secret": [],
            "secure_boot_enabled": false,
            "size": "Standard_A1_v2",
            "source_image_id": "",
            "source_image_reference": [
              {
                "offer": "0001-com-ubuntu-server-jammy",
                "publisher": "Canonical",
                "sku": "22_04-lts",
                "version": "latest"
              }
            ],
            "tags": {},
            "termination_notification": [],
            "timeouts": null,
            "user_data": "",
            "virtual_machine_id": "142ebf00-5123-40cd-ab56-8a972ffc6e3c",
            "virtual_machine_scale_set_id": "",
            "vtpm_enabled": false,
            "zone": ""
          },
          "sensitive_attributes": [
            [
              {
                "type": "get_attr",
                "value": "custom_data"
              }
            ],
            [
              {
                "type": "get_attr",
                "value": "admin_password"
              }
            ]
          ],
          "private": "eyJlMmJmYjczMC1lY2FhLTExZTYtOGY4OC0zNDM2M2JjN2M0YzAiOnsiY3JlYXRlIjoyNzAwMDAwMDAwMDAwLCJkZWxldGUiOjI3MDAwMDAwMDAwMDAsInJlYWQiOjMwMDAwMDAwMDAwMCwidXBkYXRlIjoyNzAwMDAwMDAwMDAwfX0=",
          "dependencies": [
            "azurerm_network_interface.nic",
            "azurerm_resource_group.rg",
            "azurerm_subnet.subnet",
            "azurerm_virtual_network.vnet"
          ]
        },
        {
          "index_key": 3,
          "schema_version": 0,
          "attributes": {
            "additional_capabilities": [],
            "admin_password": null,
            "admin_ssh_key": [
              {
                "public_key": "ssh-rsa AAAAB3NzaC1yc2EAAAADAQABAAABgQDr9s2j2bR4sVY0MN34wOyPMJlN9LEOPt3HgpVt9/DQrL8c+9TOzkQ7+61w8y+v7tcnTtz1PNL79etn1q8bjRq9siGLXO1g0ZeIjDph1fMI16Cs0RW8qx3Sf9EpID/HUWXy14UW1H2iACKzELeqV26Pqop43OfcjkCQNsCM+JmSCH/aQOkMYG7m77zFbCWu6nWZhl9umtRZAsy8CN2rYQewOdyMv0joFSXLcQ8Vsyc+rjg2zbc83YZKUw8AuGw8BZz35muYbvODAFYuU7TlVBmNfLFOWhVKSj5TfovkJrSjmkDnXYZbEKASpNI6XSTBQ1B2Ey+0wtIkoMWneK154E5L+RaxDmq/e04LSeThWs6zodn7U8BCO1pss6Hwwl7fpoHtwG9AdTWMXsppu3jd16F3J/SitHrbxUqkTDQTsvjXSsiZJyAnYTc7IFLqZ2VXsIU3rXbKeufNbPf0QL32TTToUI2c0vvAB4oVNDjifIFFivo3jyB1GnjDPny1StIRiLE= germain@FR-0772\n",
                "username": "devsecops"
              }
            ],
            "admin_username": "devsecops",
            "allow_extension_operations": true,
            "availability_set_id": "",
            "boot_diagnostics": [],
            "computer_name": "gitlab-runner",
            "custom_data": null,
            "dedicated_host_group_id": "",
            "dedicated_host_id": "",
            "disable_password_authentication": true,
            "edge_zone": "",
            "encryption_at_host_enabled": false,
            "eviction_policy": "",
            "extensions_time_budget": "PT1H30M",
            "id": "/subscriptions/e67af30a-7aac-47a6-866a-b451f9d97018/resourceGroups/rg_devsecops_studio/providers/Microsoft.Compute/virtualMachines/gitlab-runner",
            "identity": [],
            "license_type": "",
            "location": "westeurope",
            "max_bid_price": -1,
            "name": "gitlab-runner",
            "network_interface_ids": [
              "/subscriptions/e67af30a-7aac-47a6-866a-b451f9d97018/resourceGroups/rg_devsecops_studio/providers/Microsoft.Network/networkInterfaces/gitlab-runner-nic"
            ],
            "os_disk": [
              {
                "caching": "ReadWrite",
                "diff_disk_settings": [],
                "disk_encryption_set_id": "",
                "disk_size_gb": 30,
                "name": "gitlab-runner_OsDisk_1_a4a7aca2e26f46cfa631f865fdfd9f61",
                "storage_account_type": "Standard_LRS",
                "write_accelerator_enabled": false
              }
            ],
            "patch_mode": "ImageDefault",
            "plan": [],
            "platform_fault_domain": -1,
            "priority": "Regular",
            "private_ip_address": "10.0.1.5",
            "private_ip_addresses": [
              "10.0.1.5"
            ],
            "provision_vm_agent": true,
            "proximity_placement_group_id": "",
            "public_ip_address": "",
            "public_ip_addresses": [],
            "resource_group_name": "rg_devsecops_studio",
            "secret": [],
            "secure_boot_enabled": false,
            "size": "Standard_F1s",
            "source_image_id": "",
            "source_image_reference": [
              {
                "offer": "0001-com-ubuntu-server-jammy",
                "publisher": "Canonical",
                "sku": "22_04-lts",
                "version": "latest"
              }
            ],
            "tags": {},
            "termination_notification": [],
            "timeouts": null,
            "user_data": "",
            "virtual_machine_id": "f340ccd3-53a4-4673-a905-6fa20f4e9f58",
            "virtual_machine_scale_set_id": "",
            "vtpm_enabled": false,
            "zone": ""
          },
          "sensitive_attributes": [
            [
              {
                "type": "get_attr",
                "value": "admin_password"
              }
            ],
            [
              {
                "type": "get_attr",
                "value": "custom_data"
              }
            ]
          ],
          "private": "eyJlMmJmYjczMC1lY2FhLTExZTYtOGY4OC0zNDM2M2JjN2M0YzAiOnsiY3JlYXRlIjoyNzAwMDAwMDAwMDAwLCJkZWxldGUiOjI3MDAwMDAwMDAwMDAsInJlYWQiOjMwMDAwMDAwMDAwMCwidXBkYXRlIjoyNzAwMDAwMDAwMDAwfX0=",
          "dependencies": [
            "azurerm_network_interface.nic",
            "azurerm_resource_group.rg",
            "azurerm_subnet.subnet",
            "azurerm_virtual_network.vnet"
          ]
        },
        {
          "index_key": 4,
          "schema_version": 0,
          "attributes": {
            "additional_capabilities": [],
            "admin_password": null,
            "admin_ssh_key": [
              {
                "public_key": "ssh-rsa AAAAB3NzaC1yc2EAAAADAQABAAABgQDr9s2j2bR4sVY0MN34wOyPMJlN9LEOPt3HgpVt9/DQrL8c+9TOzkQ7+61w8y+v7tcnTtz1PNL79etn1q8bjRq9siGLXO1g0ZeIjDph1fMI16Cs0RW8qx3Sf9EpID/HUWXy14UW1H2iACKzELeqV26Pqop43OfcjkCQNsCM+JmSCH/aQOkMYG7m77zFbCWu6nWZhl9umtRZAsy8CN2rYQewOdyMv0joFSXLcQ8Vsyc+rjg2zbc83YZKUw8AuGw8BZz35muYbvODAFYuU7TlVBmNfLFOWhVKSj5TfovkJrSjmkDnXYZbEKASpNI6XSTBQ1B2Ey+0wtIkoMWneK154E5L+RaxDmq/e04LSeThWs6zodn7U8BCO1pss6Hwwl7fpoHtwG9AdTWMXsppu3jd16F3J/SitHrbxUqkTDQTsvjXSsiZJyAnYTc7IFLqZ2VXsIU3rXbKeufNbPf0QL32TTToUI2c0vvAB4oVNDjifIFFivo3jyB1GnjDPny1StIRiLE= germain@FR-0772\n",
                "username": "devsecops"
              }
            ],
            "admin_username": "devsecops",
            "allow_extension_operations": true,
            "availability_set_id": "",
            "boot_diagnostics": [],
            "computer_name": "elk",
            "custom_data": null,
            "dedicated_host_group_id": "",
            "dedicated_host_id": "",
            "disable_password_authentication": true,
            "edge_zone": "",
            "encryption_at_host_enabled": false,
            "eviction_policy": "",
            "extensions_time_budget": "PT1H30M",
            "id": "/subscriptions/e67af30a-7aac-47a6-866a-b451f9d97018/resourceGroups/rg_devsecops_studio/providers/Microsoft.Compute/virtualMachines/elk",
            "identity": [],
            "license_type": "",
            "location": "westeurope",
            "max_bid_price": -1,
            "name": "elk",
            "network_interface_ids": [
              "/subscriptions/e67af30a-7aac-47a6-866a-b451f9d97018/resourceGroups/rg_devsecops_studio/providers/Microsoft.Network/networkInterfaces/elk-nic"
            ],
            "os_disk": [
              {
                "caching": "ReadWrite",
                "diff_disk_settings": [],
                "disk_encryption_set_id": "",
                "disk_size_gb": 30,
                "name": "elk_OsDisk_1_1631d869a29d4fcdac5491f654822f75",
                "storage_account_type": "Standard_LRS",
                "write_accelerator_enabled": false
              }
            ],
            "patch_mode": "ImageDefault",
            "plan": [],
            "platform_fault_domain": -1,
            "priority": "Regular",
            "private_ip_address": "10.0.1.4",
            "private_ip_addresses": [
              "10.0.1.4"
            ],
            "provision_vm_agent": true,
            "proximity_placement_group_id": "",
            "public_ip_address": "",
            "public_ip_addresses": [],
            "resource_group_name": "rg_devsecops_studio",
            "secret": [],
            "secure_boot_enabled": false,
            "size": "Standard_A1_v2",
            "source_image_id": "",
            "source_image_reference": [
              {
                "offer": "0001-com-ubuntu-server-jammy",
                "publisher": "Canonical",
                "sku": "22_04-lts",
                "version": "latest"
              }
            ],
            "tags": {},
            "termination_notification": [],
            "timeouts": null,
            "user_data": "",
            "virtual_machine_id": "124cda99-fca7-4b4c-8f95-93fb00e182bc",
            "virtual_machine_scale_set_id": "",
            "vtpm_enabled": false,
            "zone": ""
          },
          "sensitive_attributes": [
            [
              {
                "type": "get_attr",
                "value": "custom_data"
              }
            ],
            [
              {
                "type": "get_attr",
                "value": "admin_password"
              }
            ]
          ],
          "private": "eyJlMmJmYjczMC1lY2FhLTExZTYtOGY4OC0zNDM2M2JjN2M0YzAiOnsiY3JlYXRlIjoyNzAwMDAwMDAwMDAwLCJkZWxldGUiOjI3MDAwMDAwMDAwMDAsInJlYWQiOjMwMDAwMDAwMDAwMCwidXBkYXRlIjoyNzAwMDAwMDAwMDAwfX0=",
          "dependencies": [
            "azurerm_network_interface.nic",
            "azurerm_resource_group.rg",
            "azurerm_subnet.subnet",
            "azurerm_virtual_network.vnet"
          ]
        },
        {
          "index_key": 5,
          "schema_version": 0,
          "attributes": {
            "additional_capabilities": [],
            "admin_password": null,
            "admin_ssh_key": [
              {
                "public_key": "ssh-rsa AAAAB3NzaC1yc2EAAAADAQABAAABgQDr9s2j2bR4sVY0MN34wOyPMJlN9LEOPt3HgpVt9/DQrL8c+9TOzkQ7+61w8y+v7tcnTtz1PNL79etn1q8bjRq9siGLXO1g0ZeIjDph1fMI16Cs0RW8qx3Sf9EpID/HUWXy14UW1H2iACKzELeqV26Pqop43OfcjkCQNsCM+JmSCH/aQOkMYG7m77zFbCWu6nWZhl9umtRZAsy8CN2rYQewOdyMv0joFSXLcQ8Vsyc+rjg2zbc83YZKUw8AuGw8BZz35muYbvODAFYuU7TlVBmNfLFOWhVKSj5TfovkJrSjmkDnXYZbEKASpNI6XSTBQ1B2Ey+0wtIkoMWneK154E5L+RaxDmq/e04LSeThWs6zodn7U8BCO1pss6Hwwl7fpoHtwG9AdTWMXsppu3jd16F3J/SitHrbxUqkTDQTsvjXSsiZJyAnYTc7IFLqZ2VXsIU3rXbKeufNbPf0QL32TTToUI2c0vvAB4oVNDjifIFFivo3jyB1GnjDPny1StIRiLE= germain@FR-0772\n",
                "username": "devsecops"
              }
            ],
            "admin_username": "devsecops",
            "allow_extension_operations": true,
            "availability_set_id": "",
            "boot_diagnostics": [],
            "computer_name": "prod",
            "custom_data": null,
            "dedicated_host_group_id": "",
            "dedicated_host_id": "",
            "disable_password_authentication": true,
            "edge_zone": "",
            "encryption_at_host_enabled": false,
            "eviction_policy": "",
            "extensions_time_budget": "PT1H30M",
            "id": "/subscriptions/e67af30a-7aac-47a6-866a-b451f9d97018/resourceGroups/rg_devsecops_studio/providers/Microsoft.Compute/virtualMachines/prod",
            "identity": [],
            "license_type": "",
            "location": "westeurope",
            "max_bid_price": -1,
            "name": "prod",
            "network_interface_ids": [
              "/subscriptions/e67af30a-7aac-47a6-866a-b451f9d97018/resourceGroups/rg_devsecops_studio/providers/Microsoft.Network/networkInterfaces/prod-nic"
            ],
            "os_disk": [
              {
                "caching": "ReadWrite",
                "diff_disk_settings": [],
                "disk_encryption_set_id": "",
                "disk_size_gb": 30,
                "name": "prod_OsDisk_1_e67d396e53be4716ba437982b1667e53",
                "storage_account_type": "Standard_LRS",
                "write_accelerator_enabled": false
              }
            ],
            "patch_mode": "ImageDefault",
            "plan": [],
            "platform_fault_domain": -1,
            "priority": "Regular",
            "private_ip_address": "10.0.1.7",
            "private_ip_addresses": [
              "10.0.1.7"
            ],
            "provision_vm_agent": true,
            "proximity_placement_group_id": "",
            "public_ip_address": "",
            "public_ip_addresses": [],
            "resource_group_name": "rg_devsecops_studio",
            "secret": [],
            "secure_boot_enabled": false,
            "size": "Standard_F1s",
            "source_image_id": "",
            "source_image_reference": [
              {
                "offer": "0001-com-ubuntu-server-jammy",
                "publisher": "Canonical",
                "sku": "22_04-lts",
                "version": "latest"
              }
            ],
            "tags": {},
            "termination_notification": [],
            "timeouts": null,
            "user_data": "",
            "virtual_machine_id": "505cbfc3-e003-4ba3-8926-12a270cb8891",
            "virtual_machine_scale_set_id": "",
            "vtpm_enabled": false,
            "zone": ""
          },
          "sensitive_attributes": [
            [
              {
                "type": "get_attr",
                "value": "admin_password"
              }
            ],
            [
              {
                "type": "get_attr",
                "value": "custom_data"
              }
            ]
          ],
          "private": "eyJlMmJmYjczMC1lY2FhLTExZTYtOGY4OC0zNDM2M2JjN2M0YzAiOnsiY3JlYXRlIjoyNzAwMDAwMDAwMDAwLCJkZWxldGUiOjI3MDAwMDAwMDAwMDAsInJlYWQiOjMwMDAwMDAwMDAwMCwidXBkYXRlIjoyNzAwMDAwMDAwMDAwfX0=",
          "dependencies": [
            "azurerm_network_interface.nic",
            "azurerm_resource_group.rg",
            "azurerm_subnet.subnet",
            "azurerm_virtual_network.vnet"
          ]
        }
      ]
    },
    {
      "mode": "managed",
      "type": "azurerm_network_interface",
      "name": "nic",
      "provider": "provider[\"registry.terraform.io/hashicorp/azurerm\"]",
      "instances": [
        {
          "index_key": 0,
          "schema_version": 0,
          "attributes": {
            "applied_dns_servers": [],
            "dns_servers": [],
            "edge_zone": "",
            "enable_accelerated_networking": false,
            "enable_ip_forwarding": false,
            "id": "/subscriptions/e67af30a-7aac-47a6-866a-b451f9d97018/resourceGroups/rg_devsecops_studio/providers/Microsoft.Network/networkInterfaces/DevSecOps-Box-nic",
            "internal_dns_name_label": "",
            "internal_domain_name_suffix": "pkqbyhnf2teuxaepchdzcpfpag.ax.internal.cloudapp.net",
            "ip_configuration": [
              {
                "gateway_load_balancer_frontend_ip_configuration_id": "",
                "name": "internal",
                "primary": true,
                "private_ip_address": "10.0.1.8",
                "private_ip_address_allocation": "Dynamic",
                "private_ip_address_version": "IPv4",
                "public_ip_address_id": "",
                "subnet_id": "/subscriptions/e67af30a-7aac-47a6-866a-b451f9d97018/resourceGroups/rg_devsecops_studio/providers/Microsoft.Network/virtualNetworks/vnet_devsecops_studio/subnets/vnet_devsecops_studio_01"
              }
            ],
            "location": "westeurope",
            "mac_address": "00-0D-3A-45-BE-1A",
            "name": "DevSecOps-Box-nic",
            "private_ip_address": "10.0.1.8",
            "private_ip_addresses": [
              "10.0.1.8"
            ],
            "resource_group_name": "rg_devsecops_studio",
            "tags": {},
            "timeouts": null,
            "virtual_machine_id": "/subscriptions/e67af30a-7aac-47a6-866a-b451f9d97018/resourceGroups/rg_devsecops_studio/providers/Microsoft.Compute/virtualMachines/DevSecOps-Box"
          },
          "sensitive_attributes": [],
          "private": "eyJlMmJmYjczMC1lY2FhLTExZTYtOGY4OC0zNDM2M2JjN2M0YzAiOnsiY3JlYXRlIjoxODAwMDAwMDAwMDAwLCJkZWxldGUiOjE4MDAwMDAwMDAwMDAsInJlYWQiOjMwMDAwMDAwMDAwMCwidXBkYXRlIjoxODAwMDAwMDAwMDAwfX0=",
          "dependencies": [
            "azurerm_resource_group.rg",
            "azurerm_subnet.subnet",
            "azurerm_virtual_network.vnet"
          ]
        },
        {
          "index_key": 1,
          "schema_version": 0,
          "attributes": {
            "applied_dns_servers": [],
            "dns_servers": [],
            "edge_zone": "",
            "enable_accelerated_networking": false,
            "enable_ip_forwarding": false,
            "id": "/subscriptions/e67af30a-7aac-47a6-866a-b451f9d97018/resourceGroups/rg_devsecops_studio/providers/Microsoft.Network/networkInterfaces/jenkins-nic",
            "internal_dns_name_label": "",
            "internal_domain_name_suffix": "pkqbyhnf2teuxaepchdzcpfpag.ax.internal.cloudapp.net",
            "ip_configuration": [
              {
                "gateway_load_balancer_frontend_ip_configuration_id": "",
                "name": "internal",
                "primary": true,
                "private_ip_address": "10.0.1.6",
                "private_ip_address_allocation": "Dynamic",
                "private_ip_address_version": "IPv4",
                "public_ip_address_id": "",
                "subnet_id": "/subscriptions/e67af30a-7aac-47a6-866a-b451f9d97018/resourceGroups/rg_devsecops_studio/providers/Microsoft.Network/virtualNetworks/vnet_devsecops_studio/subnets/vnet_devsecops_studio_01"
              }
            ],
            "location": "westeurope",
            "mac_address": "00-0D-3A-2E-D2-02",
            "name": "jenkins-nic",
            "private_ip_address": "10.0.1.6",
            "private_ip_addresses": [
              "10.0.1.6"
            ],
            "resource_group_name": "rg_devsecops_studio",
            "tags": {},
            "timeouts": null,
            "virtual_machine_id": "/subscriptions/e67af30a-7aac-47a6-866a-b451f9d97018/resourceGroups/rg_devsecops_studio/providers/Microsoft.Compute/virtualMachines/jenkins"
          },
          "sensitive_attributes": [],
          "private": "eyJlMmJmYjczMC1lY2FhLTExZTYtOGY4OC0zNDM2M2JjN2M0YzAiOnsiY3JlYXRlIjoxODAwMDAwMDAwMDAwLCJkZWxldGUiOjE4MDAwMDAwMDAwMDAsInJlYWQiOjMwMDAwMDAwMDAwMCwidXBkYXRlIjoxODAwMDAwMDAwMDAwfX0=",
          "dependencies": [
            "azurerm_resource_group.rg",
            "azurerm_subnet.subnet",
            "azurerm_virtual_network.vnet"
          ]
        },
        {
          "index_key": 2,
          "schema_version": 0,
          "attributes": {
            "applied_dns_servers": [],
            "dns_servers": [],
            "edge_zone": "",
            "enable_accelerated_networking": false,
            "enable_ip_forwarding": false,
            "id": "/subscriptions/e67af30a-7aac-47a6-866a-b451f9d97018/resourceGroups/rg_devsecops_studio/providers/Microsoft.Network/networkInterfaces/gitlab-nic",
            "internal_dns_name_label": "",
            "internal_domain_name_suffix": "pkqbyhnf2teuxaepchdzcpfpag.ax.internal.cloudapp.net",
            "ip_configuration": [
              {
                "gateway_load_balancer_frontend_ip_configuration_id": "",
                "name": "internal",
                "primary": true,
                "private_ip_address": "10.0.1.9",
                "private_ip_address_allocation": "Dynamic",
                "private_ip_address_version": "IPv4",
                "public_ip_address_id": "",
                "subnet_id": "/subscriptions/e67af30a-7aac-47a6-866a-b451f9d97018/resourceGroups/rg_devsecops_studio/providers/Microsoft.Network/virtualNetworks/vnet_devsecops_studio/subnets/vnet_devsecops_studio_01"
              }
            ],
            "location": "westeurope",
            "mac_address": "00-0D-3A-4C-34-79",
            "name": "gitlab-nic",
            "private_ip_address": "10.0.1.9",
            "private_ip_addresses": [
              "10.0.1.9"
            ],
            "resource_group_name": "rg_devsecops_studio",
            "tags": {},
            "timeouts": null,
            "virtual_machine_id": "/subscriptions/e67af30a-7aac-47a6-866a-b451f9d97018/resourceGroups/rg_devsecops_studio/providers/Microsoft.Compute/virtualMachines/gitlab"
          },
          "sensitive_attributes": [],
          "private": "eyJlMmJmYjczMC1lY2FhLTExZTYtOGY4OC0zNDM2M2JjN2M0YzAiOnsiY3JlYXRlIjoxODAwMDAwMDAwMDAwLCJkZWxldGUiOjE4MDAwMDAwMDAwMDAsInJlYWQiOjMwMDAwMDAwMDAwMCwidXBkYXRlIjoxODAwMDAwMDAwMDAwfX0=",
          "dependencies": [
            "azurerm_resource_group.rg",
            "azurerm_subnet.subnet",
            "azurerm_virtual_network.vnet"
          ]
        },
        {
          "index_key": 3,
          "schema_version": 0,
          "attributes": {
            "applied_dns_servers": [],
            "dns_servers": [],
            "edge_zone": "",
            "enable_accelerated_networking": false,
            "enable_ip_forwarding": false,
            "id": "/subscriptions/e67af30a-7aac-47a6-866a-b451f9d97018/resourceGroups/rg_devsecops_studio/providers/Microsoft.Network/networkInterfaces/gitlab-runner-nic",
            "internal_dns_name_label": "",
            "internal_domain_name_suffix": "pkqbyhnf2teuxaepchdzcpfpag.ax.internal.cloudapp.net",
            "ip_configuration": [
              {
                "gateway_load_balancer_frontend_ip_configuration_id": "",
                "name": "internal",
                "primary": true,
                "private_ip_address": "10.0.1.5",
                "private_ip_address_allocation": "Dynamic",
                "private_ip_address_version": "IPv4",
                "public_ip_address_id": "",
                "subnet_id": "/subscriptions/e67af30a-7aac-47a6-866a-b451f9d97018/resourceGroups/rg_devsecops_studio/providers/Microsoft.Network/virtualNetworks/vnet_devsecops_studio/subnets/vnet_devsecops_studio_01"
              }
            ],
            "location": "westeurope",
            "mac_address": "00-0D-3A-28-29-34",
            "name": "gitlab-runner-nic",
            "private_ip_address": "10.0.1.5",
            "private_ip_addresses": [
              "10.0.1.5"
            ],
            "resource_group_name": "rg_devsecops_studio",
            "tags": {},
            "timeouts": null,
            "virtual_machine_id": "/subscriptions/e67af30a-7aac-47a6-866a-b451f9d97018/resourceGroups/rg_devsecops_studio/providers/Microsoft.Compute/virtualMachines/gitlab-runner"
          },
          "sensitive_attributes": [],
          "private": "eyJlMmJmYjczMC1lY2FhLTExZTYtOGY4OC0zNDM2M2JjN2M0YzAiOnsiY3JlYXRlIjoxODAwMDAwMDAwMDAwLCJkZWxldGUiOjE4MDAwMDAwMDAwMDAsInJlYWQiOjMwMDAwMDAwMDAwMCwidXBkYXRlIjoxODAwMDAwMDAwMDAwfX0=",
          "dependencies": [
            "azurerm_resource_group.rg",
            "azurerm_subnet.subnet",
            "azurerm_virtual_network.vnet"
          ]
        },
        {
          "index_key": 4,
          "schema_version": 0,
          "attributes": {
            "applied_dns_servers": [],
            "dns_servers": [],
            "edge_zone": "",
            "enable_accelerated_networking": false,
            "enable_ip_forwarding": false,
            "id": "/subscriptions/e67af30a-7aac-47a6-866a-b451f9d97018/resourceGroups/rg_devsecops_studio/providers/Microsoft.Network/networkInterfaces/elk-nic",
            "internal_dns_name_label": "",
            "internal_domain_name_suffix": "pkqbyhnf2teuxaepchdzcpfpag.ax.internal.cloudapp.net",
            "ip_configuration": [
              {
                "gateway_load_balancer_frontend_ip_configuration_id": "",
                "name": "internal",
                "primary": true,
                "private_ip_address": "10.0.1.4",
                "private_ip_address_allocation": "Dynamic",
                "private_ip_address_version": "IPv4",
                "public_ip_address_id": "",
                "subnet_id": "/subscriptions/e67af30a-7aac-47a6-866a-b451f9d97018/resourceGroups/rg_devsecops_studio/providers/Microsoft.Network/virtualNetworks/vnet_devsecops_studio/subnets/vnet_devsecops_studio_01"
              }
            ],
            "location": "westeurope",
            "mac_address": "00-0D-3A-48-FB-47",
            "name": "elk-nic",
            "private_ip_address": "10.0.1.4",
            "private_ip_addresses": [
              "10.0.1.4"
            ],
            "resource_group_name": "rg_devsecops_studio",
            "tags": {},
            "timeouts": null,
            "virtual_machine_id": "/subscriptions/e67af30a-7aac-47a6-866a-b451f9d97018/resourceGroups/rg_devsecops_studio/providers/Microsoft.Compute/virtualMachines/elk"
          },
          "sensitive_attributes": [],
          "private": "eyJlMmJmYjczMC1lY2FhLTExZTYtOGY4OC0zNDM2M2JjN2M0YzAiOnsiY3JlYXRlIjoxODAwMDAwMDAwMDAwLCJkZWxldGUiOjE4MDAwMDAwMDAwMDAsInJlYWQiOjMwMDAwMDAwMDAwMCwidXBkYXRlIjoxODAwMDAwMDAwMDAwfX0=",
          "dependencies": [
            "azurerm_resource_group.rg",
            "azurerm_subnet.subnet",
            "azurerm_virtual_network.vnet"
          ]
        },
        {
          "index_key": 5,
          "schema_version": 0,
          "attributes": {
            "applied_dns_servers": [],
            "dns_servers": [],
            "edge_zone": "",
            "enable_accelerated_networking": false,
            "enable_ip_forwarding": false,
            "id": "/subscriptions/e67af30a-7aac-47a6-866a-b451f9d97018/resourceGroups/rg_devsecops_studio/providers/Microsoft.Network/networkInterfaces/prod-nic",
            "internal_dns_name_label": "",
            "internal_domain_name_suffix": "pkqbyhnf2teuxaepchdzcpfpag.ax.internal.cloudapp.net",
            "ip_configuration": [
              {
                "gateway_load_balancer_frontend_ip_configuration_id": "",
                "name": "internal",
                "primary": true,
                "private_ip_address": "10.0.1.7",
                "private_ip_address_allocation": "Dynamic",
                "private_ip_address_version": "IPv4",
                "public_ip_address_id": "",
                "subnet_id": "/subscriptions/e67af30a-7aac-47a6-866a-b451f9d97018/resourceGroups/rg_devsecops_studio/providers/Microsoft.Network/virtualNetworks/vnet_devsecops_studio/subnets/vnet_devsecops_studio_01"
              }
            ],
            "location": "westeurope",
            "mac_address": "00-22-48-82-CB-C1",
            "name": "prod-nic",
            "private_ip_address": "10.0.1.7",
            "private_ip_addresses": [
              "10.0.1.7"
            ],
            "resource_group_name": "rg_devsecops_studio",
            "tags": {},
            "timeouts": null,
            "virtual_machine_id": "/subscriptions/e67af30a-7aac-47a6-866a-b451f9d97018/resourceGroups/rg_devsecops_studio/providers/Microsoft.Compute/virtualMachines/prod"
          },
          "sensitive_attributes": [],
          "private": "eyJlMmJmYjczMC1lY2FhLTExZTYtOGY4OC0zNDM2M2JjN2M0YzAiOnsiY3JlYXRlIjoxODAwMDAwMDAwMDAwLCJkZWxldGUiOjE4MDAwMDAwMDAwMDAsInJlYWQiOjMwMDAwMDAwMDAwMCwidXBkYXRlIjoxODAwMDAwMDAwMDAwfX0=",
          "dependencies": [
            "azurerm_resource_group.rg",
            "azurerm_subnet.subnet",
            "azurerm_virtual_network.vnet"
          ]
        }
      ]
    },
    {
      "mode": "managed",
      "type": "azurerm_resource_group",
      "name": "rg",
      "provider": "provider[\"registry.terraform.io/hashicorp/azurerm\"]",
      "instances": [
        {
          "schema_version": 0,
          "attributes": {
            "id": "/subscriptions/e67af30a-7aac-47a6-866a-b451f9d97018/resourceGroups/rg_devsecops_studio",
            "location": "westeurope",
            "name": "rg_devsecops_studio",
            "tags": {},
            "timeouts": null
          },
          "sensitive_attributes": [],
          "private": "eyJlMmJmYjczMC1lY2FhLTExZTYtOGY4OC0zNDM2M2JjN2M0YzAiOnsiY3JlYXRlIjo1NDAwMDAwMDAwMDAwLCJkZWxldGUiOjU0MDAwMDAwMDAwMDAsInJlYWQiOjMwMDAwMDAwMDAwMCwidXBkYXRlIjo1NDAwMDAwMDAwMDAwfX0="
        }
      ]
    },
    {
      "mode": "managed",
      "type": "azurerm_subnet",
      "name": "subnet",
      "provider": "provider[\"registry.terraform.io/hashicorp/azurerm\"]",
      "instances": [
        {
          "schema_version": 0,
          "attributes": {
            "address_prefixes": [
              "10.0.1.0/24"
            ],
            "delegation": [],
            "enforce_private_link_endpoint_network_policies": false,
            "enforce_private_link_service_network_policies": false,
            "id": "/subscriptions/e67af30a-7aac-47a6-866a-b451f9d97018/resourceGroups/rg_devsecops_studio/providers/Microsoft.Network/virtualNetworks/vnet_devsecops_studio/subnets/vnet_devsecops_studio_01",
            "name": "vnet_devsecops_studio_01",
            "resource_group_name": "rg_devsecops_studio",
            "service_endpoint_policy_ids": [],
            "service_endpoints": [],
            "timeouts": null,
            "virtual_network_name": "vnet_devsecops_studio"
          },
          "sensitive_attributes": [],
          "private": "eyJlMmJmYjczMC1lY2FhLTExZTYtOGY4OC0zNDM2M2JjN2M0YzAiOnsiY3JlYXRlIjoxODAwMDAwMDAwMDAwLCJkZWxldGUiOjE4MDAwMDAwMDAwMDAsInJlYWQiOjMwMDAwMDAwMDAwMCwidXBkYXRlIjoxODAwMDAwMDAwMDAwfX0=",
          "dependencies": [
            "azurerm_resource_group.rg",
            "azurerm_virtual_network.vnet"
          ]
        }
      ]
    },
    {
      "mode": "managed",
      "type": "azurerm_virtual_network",
      "name": "vnet",
      "provider": "provider[\"registry.terraform.io/hashicorp/azurerm\"]",
      "instances": [
        {
          "schema_version": 0,
          "attributes": {
            "address_space": [
              "10.0.0.0/16"
            ],
            "bgp_community": "",
            "ddos_protection_plan": [],
            "dns_servers": [],
            "edge_zone": "",
            "flow_timeout_in_minutes": 0,
            "guid": "1d1ca07a-e4a5-4bc9-808f-11c7913caf06",
            "id": "/subscriptions/e67af30a-7aac-47a6-866a-b451f9d97018/resourceGroups/rg_devsecops_studio/providers/Microsoft.Network/virtualNetworks/vnet_devsecops_studio",
            "location": "westeurope",
            "name": "vnet_devsecops_studio",
            "resource_group_name": "rg_devsecops_studio",
            "subnet": [
              {
                "address_prefix": "10.0.1.0/24",
                "id": "/subscriptions/e67af30a-7aac-47a6-866a-b451f9d97018/resourceGroups/rg_devsecops_studio/providers/Microsoft.Network/virtualNetworks/vnet_devsecops_studio/subnets/vnet_devsecops_studio_01",
                "name": "vnet_devsecops_studio_01",
                "security_group": ""
              }
            ],
            "tags": {},
            "timeouts": null
          },
          "sensitive_attributes": [],
          "private": "eyJlMmJmYjczMC1lY2FhLTExZTYtOGY4OC0zNDM2M2JjN2M0YzAiOnsiY3JlYXRlIjoxODAwMDAwMDAwMDAwLCJkZWxldGUiOjE4MDAwMDAwMDAwMDAsInJlYWQiOjMwMDAwMDAwMDAwMCwidXBkYXRlIjoxODAwMDAwMDAwMDAwfX0=",
          "dependencies": [
            "azurerm_resource_group.rg"
          ]
        }
      ]
    }
  ],
  "check_results": null
}
