{
  "version": 4,
  "terraform_version": "1.8.5",
  "serial": 145,
  "lineage": "f38e7559-58c8-b651-029f-4a4a4b280bc9",
  "outputs": {},
  "resources": [
    {
      "mode": "managed",
      "type": "azurerm_bastion_host",
      "name": "bastion_host",
      "provider": "provider[\"registry.terraform.io/hashicorp/azurerm\"]",
      "instances": [
        {
          "schema_version": 0,
          "attributes": {
            "copy_paste_enabled": true,
            "dns_name": "bst-4f36b625-6316-42e4-ad4b-9ebda2fd7b41.bastion.azure.com",
            "file_copy_enabled": true,
            "id": "/subscriptions/e67af30a-7aac-47a6-866a-b451f9d97018/resourceGroups/rg_devsecops_studio/providers/Microsoft.Network/bastionHosts/bastion_devsecops_studio",
            "ip_configuration": [
              {
                "name": "bastion_ipconfig_01",
                "public_ip_address_id": "/subscriptions/e67af30a-7aac-47a6-866a-b451f9d97018/resourceGroups/rg_devsecops_studio/providers/Microsoft.Network/publicIPAddresses/bastion_public_ip",
                "subnet_id": "/subscriptions/e67af30a-7aac-47a6-866a-b451f9d97018/resourceGroups/rg_devsecops_studio/providers/Microsoft.Network/virtualNetworks/vnet_devsecops_studio/subnets/AzureBastionSubnet"
              }
            ],
            "ip_connect_enabled": false,
            "location": "westeurope",
            "name": "bastion_devsecops_studio",
            "resource_group_name": "rg_devsecops_studio",
            "scale_units": 2,
            "shareable_link_enabled": true,
            "sku": "Standard",
            "tags": null,
            "timeouts": null,
            "tunneling_enabled": true
          },
          "sensitive_attributes": [],
          "private": "eyJlMmJmYjczMC1lY2FhLTExZTYtOGY4OC0zNDM2M2JjN2M0YzAiOnsiY3JlYXRlIjoxODAwMDAwMDAwMDAwLCJkZWxldGUiOjE4MDAwMDAwMDAwMDAsInJlYWQiOjMwMDAwMDAwMDAwMCwidXBkYXRlIjoxODAwMDAwMDAwMDAwfX0=",
          "dependencies": [
            "azurerm_public_ip.bastion_public_ip",
            "azurerm_resource_group.rg",
            "azurerm_subnet.bastion_subnet",
            "azurerm_virtual_network.vnet"
          ]
        }
      ]
    },
    {
      "mode": "managed",
      "type": "azurerm_linux_virtual_machine",
      "name": "vm",
      "provider": "provider[\"registry.terraform.io/hashicorp/azurerm\"]",
      "instances": [
        {
          "index_key": 0,
          "schema_version": 0,
          "attributes": {
            "additional_capabilities": [],
            "admin_password": null,
            "admin_ssh_key": [
              {
                "public_key": "ssh-rsa AAAAB3NzaC1yc2EAAAADAQABAAABgQCcoF7SBV1Jjp6zbsJ1b95Or9EWzyeqNFj98bb5u4QSffoxru3OybveT5bSlOlJYiv1+a2DPMwklZt4Db//HG5GAVoZhi8tXKK9x/sD7UIiXLFO0iHmMAS7o32YJERPtqXO/3Jtm9ULdtNkImEq4wR6vk5Y6zxTlMkPykE7+1mjrTqxp517O5Jc10lDkyYyk0dmqUmNUnPN/ZFYKu8nUAV6bav7YAQrjauxFcNWQ6gicuUgu5uaaD0bkaZiTKzxKJ8j5XQ/p0k2CV6or3i8txG1NkGhhZfD5bmo5Y2g+Kyj6a7yBMmOKkXw8x0HC4BTxCt0Z1Laj7XOS1sTa4XAeZJaD97Lne3gE8udibldQvVovFNj/CwbL0K/UNPMOY2C/9wfUFlGcBhOg5YInS6EiRkRByaOqlaLBdOy+//b7/cRahi0frmv/U82hMFS4s+ka/ABLd7EBFzYX1TjIcf3Y3kmcQdwlwiBTEBtMQo5f2wOdMXLbAZnMTEL5pNi6RtolGk= germain@djuhnixomen\n",
                "username": "devsecops"
              },
              {
                "public_key": "ssh-rsa AAAAB3NzaC1yc2EAAAADAQABAAACAQDhbszZ9A13Ip0C1rwMk1UCJMsoU7B/qPDubITKeWe9nRZqHMgHWbpTRLh1BFvKdvI6dFPty7jzBlIRM11X7l5htVd64oOA5NEJzjiFPBKXI/vEkiu5aAE4Ks4RrnP+FMleYhJZfci+lt7OA4gYhoqen947mjfKLSVuD22OCoxKhzjTi6E0rXgZNps5ZbkEZ3K3hakeo65yIjOHgZY7HeosXLMERGxxCjOcl+l6CKTFsQcquBMLTCK1TYhgEDb3/5H2cta+45HAqCgBS2p5Y8vElTlZTPb58K4qIjO+9demoUK7SAL0qc1NScGZ8cNs/lSjl8zeBhTwavdmALSJR8IzoMj1L4q3mL/xUHIOZUQoITiqIVKE8Jw687MuSP7FbTi/ThtMACP1/lms6yBYoJvp8JaLE5zYYgWdDNCiWnWrIefOx84lBh96zsEaPeo059DyPmOaKMKA6KuUW6mNHfS5DTzks1f3+hLrID3xUWmQbzMOvegQpxhhk09qW5PpLCqTP0ZF60aDQqS/TqoNcmYIV41xGJVTBVyLIytNW0x90WdprhgFsdHJ4TVXn3pmuJt8HG1pV5KHueq5qYvq2+RjOrH9Uh8BFgFF7pVrQqrLlPACu6s76U0X9tZLStbMY3kd13XzGM5Kmn7BHobed9Sh8jWKxO+HT3thkr2HsO0OFw==\n",
                "username": "devsecops"
              }
            ],
            "admin_username": "devsecops",
            "allow_extension_operations": true,
            "availability_set_id": "",
            "boot_diagnostics": [],
            "computer_name": "DevSecOps-Box",
            "custom_data": null,
            "dedicated_host_group_id": "",
            "dedicated_host_id": "",
            "disable_password_authentication": true,
            "edge_zone": "",
            "encryption_at_host_enabled": false,
            "eviction_policy": "",
            "extensions_time_budget": "PT1H30M",
            "id": "/subscriptions/e67af30a-7aac-47a6-866a-b451f9d97018/resourceGroups/rg_devsecops_studio/providers/Microsoft.Compute/virtualMachines/DevSecOps-Box",
            "identity": [],
            "license_type": "",
            "location": "westeurope",
            "max_bid_price": -1,
            "name": "DevSecOps-Box",
            "network_interface_ids": [
              "/subscriptions/e67af30a-7aac-47a6-866a-b451f9d97018/resourceGroups/rg_devsecops_studio/providers/Microsoft.Network/networkInterfaces/DevSecOps-Box-nic"
            ],
            "os_disk": [
              {
                "caching": "ReadWrite",
                "diff_disk_settings": [],
                "disk_encryption_set_id": "",
                "disk_size_gb": 30,
                "name": "DevSecOps-Box_OsDisk_1_ee69d130bba948a692a68a9b155b0859",
                "storage_account_type": "Standard_LRS",
                "write_accelerator_enabled": false
              }
            ],
            "patch_mode": "ImageDefault",
            "plan": [],
            "platform_fault_domain": -1,
            "priority": "Regular",
            "private_ip_address": "10.0.1.8",
            "private_ip_addresses": [
              "10.0.1.8"
            ],
            "provision_vm_agent": true,
            "proximity_placement_group_id": "",
            "public_ip_address": "",
            "public_ip_addresses": [],
            "resource_group_name": "rg_devsecops_studio",
            "secret": [],
            "secure_boot_enabled": false,
            "size": "Standard_F1s",
            "source_image_id": "",
            "source_image_reference": [
              {
                "offer": "0001-com-ubuntu-server-jammy",
                "publisher": "Canonical",
                "sku": "22_04-lts",
                "version": "latest"
              }
            ],
            "tags": null,
            "termination_notification": null,
            "timeouts": null,
            "user_data": "",
            "virtual_machine_id": "be80b295-233d-4d5e-ac0c-1dbcb37b7c83",
            "virtual_machine_scale_set_id": "",
            "vtpm_enabled": false,
            "zone": ""
          },
          "sensitive_attributes": [
            [
              {
                "type": "get_attr",
                "value": "admin_password"
              }
            ],
            [
              {
                "type": "get_attr",
                "value": "custom_data"
              }
            ]
          ],
          "private": "eyJlMmJmYjczMC1lY2FhLTExZTYtOGY4OC0zNDM2M2JjN2M0YzAiOnsiY3JlYXRlIjoyNzAwMDAwMDAwMDAwLCJkZWxldGUiOjI3MDAwMDAwMDAwMDAsInJlYWQiOjMwMDAwMDAwMDAwMCwidXBkYXRlIjoyNzAwMDAwMDAwMDAwfX0=",
          "dependencies": [
            "azurerm_network_interface.nic",
            "azurerm_resource_group.rg",
            "azurerm_subnet.subnet",
            "azurerm_virtual_network.vnet",
            "tls_private_key.vm_ssh_key"
          ]
        },
        {
          "index_key": 1,
          "schema_version": 0,
          "attributes": {
            "additional_capabilities": [],
            "admin_password": null,
            "admin_ssh_key": [
              {
                "public_key": "ssh-rsa AAAAB3NzaC1yc2EAAAADAQABAAABgQCcoF7SBV1Jjp6zbsJ1b95Or9EWzyeqNFj98bb5u4QSffoxru3OybveT5bSlOlJYiv1+a2DPMwklZt4Db//HG5GAVoZhi8tXKK9x/sD7UIiXLFO0iHmMAS7o32YJERPtqXO/3Jtm9ULdtNkImEq4wR6vk5Y6zxTlMkPykE7+1mjrTqxp517O5Jc10lDkyYyk0dmqUmNUnPN/ZFYKu8nUAV6bav7YAQrjauxFcNWQ6gicuUgu5uaaD0bkaZiTKzxKJ8j5XQ/p0k2CV6or3i8txG1NkGhhZfD5bmo5Y2g+Kyj6a7yBMmOKkXw8x0HC4BTxCt0Z1Laj7XOS1sTa4XAeZJaD97Lne3gE8udibldQvVovFNj/CwbL0K/UNPMOY2C/9wfUFlGcBhOg5YInS6EiRkRByaOqlaLBdOy+//b7/cRahi0frmv/U82hMFS4s+ka/ABLd7EBFzYX1TjIcf3Y3kmcQdwlwiBTEBtMQo5f2wOdMXLbAZnMTEL5pNi6RtolGk= germain@djuhnixomen\n",
                "username": "devsecops"
              },
              {
                "public_key": "ssh-rsa AAAAB3NzaC1yc2EAAAADAQABAAACAQDhbszZ9A13Ip0C1rwMk1UCJMsoU7B/qPDubITKeWe9nRZqHMgHWbpTRLh1BFvKdvI6dFPty7jzBlIRM11X7l5htVd64oOA5NEJzjiFPBKXI/vEkiu5aAE4Ks4RrnP+FMleYhJZfci+lt7OA4gYhoqen947mjfKLSVuD22OCoxKhzjTi6E0rXgZNps5ZbkEZ3K3hakeo65yIjOHgZY7HeosXLMERGxxCjOcl+l6CKTFsQcquBMLTCK1TYhgEDb3/5H2cta+45HAqCgBS2p5Y8vElTlZTPb58K4qIjO+9demoUK7SAL0qc1NScGZ8cNs/lSjl8zeBhTwavdmALSJR8IzoMj1L4q3mL/xUHIOZUQoITiqIVKE8Jw687MuSP7FbTi/ThtMACP1/lms6yBYoJvp8JaLE5zYYgWdDNCiWnWrIefOx84lBh96zsEaPeo059DyPmOaKMKA6KuUW6mNHfS5DTzks1f3+hLrID3xUWmQbzMOvegQpxhhk09qW5PpLCqTP0ZF60aDQqS/TqoNcmYIV41xGJVTBVyLIytNW0x90WdprhgFsdHJ4TVXn3pmuJt8HG1pV5KHueq5qYvq2+RjOrH9Uh8BFgFF7pVrQqrLlPACu6s76U0X9tZLStbMY3kd13XzGM5Kmn7BHobed9Sh8jWKxO+HT3thkr2HsO0OFw==\n",
                "username": "devsecops"
              }
            ],
            "admin_username": "devsecops",
            "allow_extension_operations": true,
            "availability_set_id": "",
            "boot_diagnostics": [],
            "computer_name": "jenkins",
            "custom_data": null,
            "dedicated_host_group_id": "",
            "dedicated_host_id": "",
            "disable_password_authentication": true,
            "edge_zone": "",
            "encryption_at_host_enabled": false,
            "eviction_policy": "",
            "extensions_time_budget": "PT1H30M",
            "id": "/subscriptions/e67af30a-7aac-47a6-866a-b451f9d97018/resourceGroups/rg_devsecops_studio/providers/Microsoft.Compute/virtualMachines/jenkins",
            "identity": [],
            "license_type": "",
            "location": "westeurope",
            "max_bid_price": -1,
            "name": "jenkins",
            "network_interface_ids": [
              "/subscriptions/e67af30a-7aac-47a6-866a-b451f9d97018/resourceGroups/rg_devsecops_studio/providers/Microsoft.Network/networkInterfaces/jenkins-nic"
            ],
            "os_disk": [
              {
                "caching": "ReadWrite",
                "diff_disk_settings": [],
                "disk_encryption_set_id": "",
                "disk_size_gb": 30,
                "name": "jenkins_OsDisk_1_446d0f3d98164bba9292b852d146c3f0",
                "storage_account_type": "Standard_LRS",
                "write_accelerator_enabled": false
              }
            ],
            "patch_mode": "ImageDefault",
            "plan": [],
            "platform_fault_domain": -1,
            "priority": "Regular",
            "private_ip_address": "10.0.1.6",
            "private_ip_addresses": [
              "10.0.1.6"
            ],
            "provision_vm_agent": true,
            "proximity_placement_group_id": "",
            "public_ip_address": "",
            "public_ip_addresses": [],
            "resource_group_name": "rg_devsecops_studio",
            "secret": [],
            "secure_boot_enabled": false,
            "size": "Standard_F1s",
            "source_image_id": "",
            "source_image_reference": [
              {
                "offer": "0001-com-ubuntu-server-jammy",
                "publisher": "Canonical",
                "sku": "22_04-lts",
                "version": "latest"
              }
            ],
            "tags": null,
            "termination_notification": null,
            "timeouts": null,
            "user_data": "",
            "virtual_machine_id": "6e11cd0f-beaf-4753-9a61-345a7c5372e2",
            "virtual_machine_scale_set_id": "",
            "vtpm_enabled": false,
            "zone": ""
          },
          "sensitive_attributes": [
            [
              {
                "type": "get_attr",
                "value": "custom_data"
              }
            ],
            [
              {
                "type": "get_attr",
                "value": "admin_password"
              }
            ]
          ],
          "private": "eyJlMmJmYjczMC1lY2FhLTExZTYtOGY4OC0zNDM2M2JjN2M0YzAiOnsiY3JlYXRlIjoyNzAwMDAwMDAwMDAwLCJkZWxldGUiOjI3MDAwMDAwMDAwMDAsInJlYWQiOjMwMDAwMDAwMDAwMCwidXBkYXRlIjoyNzAwMDAwMDAwMDAwfX0=",
          "dependencies": [
            "azurerm_network_interface.nic",
            "azurerm_resource_group.rg",
            "azurerm_subnet.subnet",
            "azurerm_virtual_network.vnet",
            "tls_private_key.vm_ssh_key"
          ]
        },
        {
          "index_key": 2,
          "schema_version": 0,
          "attributes": {
            "additional_capabilities": [],
            "admin_password": null,
            "admin_ssh_key": [
              {
                "public_key": "ssh-rsa AAAAB3NzaC1yc2EAAAADAQABAAABgQCcoF7SBV1Jjp6zbsJ1b95Or9EWzyeqNFj98bb5u4QSffoxru3OybveT5bSlOlJYiv1+a2DPMwklZt4Db//HG5GAVoZhi8tXKK9x/sD7UIiXLFO0iHmMAS7o32YJERPtqXO/3Jtm9ULdtNkImEq4wR6vk5Y6zxTlMkPykE7+1mjrTqxp517O5Jc10lDkyYyk0dmqUmNUnPN/ZFYKu8nUAV6bav7YAQrjauxFcNWQ6gicuUgu5uaaD0bkaZiTKzxKJ8j5XQ/p0k2CV6or3i8txG1NkGhhZfD5bmo5Y2g+Kyj6a7yBMmOKkXw8x0HC4BTxCt0Z1Laj7XOS1sTa4XAeZJaD97Lne3gE8udibldQvVovFNj/CwbL0K/UNPMOY2C/9wfUFlGcBhOg5YInS6EiRkRByaOqlaLBdOy+//b7/cRahi0frmv/U82hMFS4s+ka/ABLd7EBFzYX1TjIcf3Y3kmcQdwlwiBTEBtMQo5f2wOdMXLbAZnMTEL5pNi6RtolGk= germain@djuhnixomen\n",
                "username": "devsecops"
              },
              {
                "public_key": "ssh-rsa AAAAB3NzaC1yc2EAAAADAQABAAACAQDhbszZ9A13Ip0C1rwMk1UCJMsoU7B/qPDubITKeWe9nRZqHMgHWbpTRLh1BFvKdvI6dFPty7jzBlIRM11X7l5htVd64oOA5NEJzjiFPBKXI/vEkiu5aAE4Ks4RrnP+FMleYhJZfci+lt7OA4gYhoqen947mjfKLSVuD22OCoxKhzjTi6E0rXgZNps5ZbkEZ3K3hakeo65yIjOHgZY7HeosXLMERGxxCjOcl+l6CKTFsQcquBMLTCK1TYhgEDb3/5H2cta+45HAqCgBS2p5Y8vElTlZTPb58K4qIjO+9demoUK7SAL0qc1NScGZ8cNs/lSjl8zeBhTwavdmALSJR8IzoMj1L4q3mL/xUHIOZUQoITiqIVKE8Jw687MuSP7FbTi/ThtMACP1/lms6yBYoJvp8JaLE5zYYgWdDNCiWnWrIefOx84lBh96zsEaPeo059DyPmOaKMKA6KuUW6mNHfS5DTzks1f3+hLrID3xUWmQbzMOvegQpxhhk09qW5PpLCqTP0ZF60aDQqS/TqoNcmYIV41xGJVTBVyLIytNW0x90WdprhgFsdHJ4TVXn3pmuJt8HG1pV5KHueq5qYvq2+RjOrH9Uh8BFgFF7pVrQqrLlPACu6s76U0X9tZLStbMY3kd13XzGM5Kmn7BHobed9Sh8jWKxO+HT3thkr2HsO0OFw==\n",
                "username": "devsecops"
              }
            ],
            "admin_username": "devsecops",
            "allow_extension_operations": true,
            "availability_set_id": "",
            "boot_diagnostics": [],
            "computer_name": "gitlab",
            "custom_data": null,
            "dedicated_host_group_id": "",
            "dedicated_host_id": "",
            "disable_password_authentication": true,
            "edge_zone": "",
            "encryption_at_host_enabled": false,
            "eviction_policy": "",
            "extensions_time_budget": "PT1H30M",
            "id": "/subscriptions/e67af30a-7aac-47a6-866a-b451f9d97018/resourceGroups/rg_devsecops_studio/providers/Microsoft.Compute/virtualMachines/gitlab",
            "identity": [],
            "license_type": "",
            "location": "westeurope",
            "max_bid_price": -1,
            "name": "gitlab",
            "network_interface_ids": [
              "/subscriptions/e67af30a-7aac-47a6-866a-b451f9d97018/resourceGroups/rg_devsecops_studio/providers/Microsoft.Network/networkInterfaces/gitlab-nic"
            ],
            "os_disk": [
              {
                "caching": "ReadWrite",
                "diff_disk_settings": [],
                "disk_encryption_set_id": "",
                "disk_size_gb": 30,
                "name": "gitlab_OsDisk_1_9060401c2caa4cbba0557933d6c14e4d",
                "storage_account_type": "Standard_LRS",
                "write_accelerator_enabled": false
              }
            ],
            "patch_mode": "ImageDefault",
            "plan": [],
            "platform_fault_domain": -1,
            "priority": "Regular",
            "private_ip_address": "10.0.1.9",
            "private_ip_addresses": [
              "10.0.1.9"
            ],
            "provision_vm_agent": true,
            "proximity_placement_group_id": "",
            "public_ip_address": "",
            "public_ip_addresses": [],
            "resource_group_name": "rg_devsecops_studio",
            "secret": [],
            "secure_boot_enabled": false,
            "size": "Standard_A1_v2",
            "source_image_id": "",
            "source_image_reference": [
              {
                "offer": "0001-com-ubuntu-server-jammy",
                "publisher": "Canonical",
                "sku": "22_04-lts",
                "version": "latest"
              }
            ],
            "tags": null,
            "termination_notification": null,
            "timeouts": null,
            "user_data": "",
            "virtual_machine_id": "95b1c53b-a3e3-48cd-a3e1-b71b8b35ebe7",
            "virtual_machine_scale_set_id": "",
            "vtpm_enabled": false,
            "zone": ""
          },
          "sensitive_attributes": [
            [
              {
                "type": "get_attr",
                "value": "custom_data"
              }
            ],
            [
              {
                "type": "get_attr",
                "value": "admin_password"
              }
            ]
          ],
          "private": "eyJlMmJmYjczMC1lY2FhLTExZTYtOGY4OC0zNDM2M2JjN2M0YzAiOnsiY3JlYXRlIjoyNzAwMDAwMDAwMDAwLCJkZWxldGUiOjI3MDAwMDAwMDAwMDAsInJlYWQiOjMwMDAwMDAwMDAwMCwidXBkYXRlIjoyNzAwMDAwMDAwMDAwfX0=",
          "dependencies": [
            "azurerm_network_interface.nic",
            "azurerm_resource_group.rg",
            "azurerm_subnet.subnet",
            "azurerm_virtual_network.vnet",
            "tls_private_key.vm_ssh_key"
          ]
        },
        {
          "index_key": 3,
          "schema_version": 0,
          "attributes": {
            "additional_capabilities": [],
            "admin_password": null,
            "admin_ssh_key": [
              {
                "public_key": "ssh-rsa AAAAB3NzaC1yc2EAAAADAQABAAABgQCcoF7SBV1Jjp6zbsJ1b95Or9EWzyeqNFj98bb5u4QSffoxru3OybveT5bSlOlJYiv1+a2DPMwklZt4Db//HG5GAVoZhi8tXKK9x/sD7UIiXLFO0iHmMAS7o32YJERPtqXO/3Jtm9ULdtNkImEq4wR6vk5Y6zxTlMkPykE7+1mjrTqxp517O5Jc10lDkyYyk0dmqUmNUnPN/ZFYKu8nUAV6bav7YAQrjauxFcNWQ6gicuUgu5uaaD0bkaZiTKzxKJ8j5XQ/p0k2CV6or3i8txG1NkGhhZfD5bmo5Y2g+Kyj6a7yBMmOKkXw8x0HC4BTxCt0Z1Laj7XOS1sTa4XAeZJaD97Lne3gE8udibldQvVovFNj/CwbL0K/UNPMOY2C/9wfUFlGcBhOg5YInS6EiRkRByaOqlaLBdOy+//b7/cRahi0frmv/U82hMFS4s+ka/ABLd7EBFzYX1TjIcf3Y3kmcQdwlwiBTEBtMQo5f2wOdMXLbAZnMTEL5pNi6RtolGk= germain@djuhnixomen\n",
                "username": "devsecops"
              },
              {
                "public_key": "ssh-rsa AAAAB3NzaC1yc2EAAAADAQABAAACAQDhbszZ9A13Ip0C1rwMk1UCJMsoU7B/qPDubITKeWe9nRZqHMgHWbpTRLh1BFvKdvI6dFPty7jzBlIRM11X7l5htVd64oOA5NEJzjiFPBKXI/vEkiu5aAE4Ks4RrnP+FMleYhJZfci+lt7OA4gYhoqen947mjfKLSVuD22OCoxKhzjTi6E0rXgZNps5ZbkEZ3K3hakeo65yIjOHgZY7HeosXLMERGxxCjOcl+l6CKTFsQcquBMLTCK1TYhgEDb3/5H2cta+45HAqCgBS2p5Y8vElTlZTPb58K4qIjO+9demoUK7SAL0qc1NScGZ8cNs/lSjl8zeBhTwavdmALSJR8IzoMj1L4q3mL/xUHIOZUQoITiqIVKE8Jw687MuSP7FbTi/ThtMACP1/lms6yBYoJvp8JaLE5zYYgWdDNCiWnWrIefOx84lBh96zsEaPeo059DyPmOaKMKA6KuUW6mNHfS5DTzks1f3+hLrID3xUWmQbzMOvegQpxhhk09qW5PpLCqTP0ZF60aDQqS/TqoNcmYIV41xGJVTBVyLIytNW0x90WdprhgFsdHJ4TVXn3pmuJt8HG1pV5KHueq5qYvq2+RjOrH9Uh8BFgFF7pVrQqrLlPACu6s76U0X9tZLStbMY3kd13XzGM5Kmn7BHobed9Sh8jWKxO+HT3thkr2HsO0OFw==\n",
                "username": "devsecops"
              }
            ],
            "admin_username": "devsecops",
            "allow_extension_operations": true,
            "availability_set_id": "",
            "boot_diagnostics": [],
            "computer_name": "gitlab-runner",
            "custom_data": null,
            "dedicated_host_group_id": "",
            "dedicated_host_id": "",
            "disable_password_authentication": true,
            "edge_zone": "",
            "encryption_at_host_enabled": false,
            "eviction_policy": "",
            "extensions_time_budget": "PT1H30M",
            "id": "/subscriptions/e67af30a-7aac-47a6-866a-b451f9d97018/resourceGroups/rg_devsecops_studio/providers/Microsoft.Compute/virtualMachines/gitlab-runner",
            "identity": [],
            "license_type": "",
            "location": "westeurope",
            "max_bid_price": -1,
            "name": "gitlab-runner",
            "network_interface_ids": [
              "/subscriptions/e67af30a-7aac-47a6-866a-b451f9d97018/resourceGroups/rg_devsecops_studio/providers/Microsoft.Network/networkInterfaces/gitlab-runner-nic"
            ],
            "os_disk": [
              {
                "caching": "ReadWrite",
                "diff_disk_settings": [],
                "disk_encryption_set_id": "",
                "disk_size_gb": 30,
                "name": "gitlab-runner_OsDisk_1_f1b87ad20818427dab521dd16affeebf",
                "storage_account_type": "Standard_LRS",
                "write_accelerator_enabled": false
              }
            ],
            "patch_mode": "ImageDefault",
            "plan": [],
            "platform_fault_domain": -1,
            "priority": "Regular",
            "private_ip_address": "10.0.1.5",
            "private_ip_addresses": [
              "10.0.1.5"
            ],
            "provision_vm_agent": true,
            "proximity_placement_group_id": "",
            "public_ip_address": "",
            "public_ip_addresses": [],
            "resource_group_name": "rg_devsecops_studio",
            "secret": [],
            "secure_boot_enabled": false,
            "size": "Standard_F1s",
            "source_image_id": "",
            "source_image_reference": [
              {
                "offer": "0001-com-ubuntu-server-jammy",
                "publisher": "Canonical",
                "sku": "22_04-lts",
                "version": "latest"
              }
            ],
            "tags": null,
            "termination_notification": null,
            "timeouts": null,
            "user_data": "",
            "virtual_machine_id": "c028b3d1-5acb-4f10-bfda-893c9ad10db2",
            "virtual_machine_scale_set_id": "",
            "vtpm_enabled": false,
            "zone": ""
          },
          "sensitive_attributes": [
            [
              {
                "type": "get_attr",
                "value": "custom_data"
              }
            ],
            [
              {
                "type": "get_attr",
                "value": "admin_password"
              }
            ]
          ],
          "private": "eyJlMmJmYjczMC1lY2FhLTExZTYtOGY4OC0zNDM2M2JjN2M0YzAiOnsiY3JlYXRlIjoyNzAwMDAwMDAwMDAwLCJkZWxldGUiOjI3MDAwMDAwMDAwMDAsInJlYWQiOjMwMDAwMDAwMDAwMCwidXBkYXRlIjoyNzAwMDAwMDAwMDAwfX0=",
          "dependencies": [
            "azurerm_network_interface.nic",
            "azurerm_resource_group.rg",
            "azurerm_subnet.subnet",
            "azurerm_virtual_network.vnet",
            "tls_private_key.vm_ssh_key"
          ]
        },
        {
          "index_key": 4,
          "schema_version": 0,
          "attributes": {
            "additional_capabilities": [],
            "admin_password": null,
            "admin_ssh_key": [
              {
                "public_key": "ssh-rsa AAAAB3NzaC1yc2EAAAADAQABAAABgQCcoF7SBV1Jjp6zbsJ1b95Or9EWzyeqNFj98bb5u4QSffoxru3OybveT5bSlOlJYiv1+a2DPMwklZt4Db//HG5GAVoZhi8tXKK9x/sD7UIiXLFO0iHmMAS7o32YJERPtqXO/3Jtm9ULdtNkImEq4wR6vk5Y6zxTlMkPykE7+1mjrTqxp517O5Jc10lDkyYyk0dmqUmNUnPN/ZFYKu8nUAV6bav7YAQrjauxFcNWQ6gicuUgu5uaaD0bkaZiTKzxKJ8j5XQ/p0k2CV6or3i8txG1NkGhhZfD5bmo5Y2g+Kyj6a7yBMmOKkXw8x0HC4BTxCt0Z1Laj7XOS1sTa4XAeZJaD97Lne3gE8udibldQvVovFNj/CwbL0K/UNPMOY2C/9wfUFlGcBhOg5YInS6EiRkRByaOqlaLBdOy+//b7/cRahi0frmv/U82hMFS4s+ka/ABLd7EBFzYX1TjIcf3Y3kmcQdwlwiBTEBtMQo5f2wOdMXLbAZnMTEL5pNi6RtolGk= germain@djuhnixomen\n",
                "username": "devsecops"
              },
              {
                "public_key": "ssh-rsa AAAAB3NzaC1yc2EAAAADAQABAAACAQDhbszZ9A13Ip0C1rwMk1UCJMsoU7B/qPDubITKeWe9nRZqHMgHWbpTRLh1BFvKdvI6dFPty7jzBlIRM11X7l5htVd64oOA5NEJzjiFPBKXI/vEkiu5aAE4Ks4RrnP+FMleYhJZfci+lt7OA4gYhoqen947mjfKLSVuD22OCoxKhzjTi6E0rXgZNps5ZbkEZ3K3hakeo65yIjOHgZY7HeosXLMERGxxCjOcl+l6CKTFsQcquBMLTCK1TYhgEDb3/5H2cta+45HAqCgBS2p5Y8vElTlZTPb58K4qIjO+9demoUK7SAL0qc1NScGZ8cNs/lSjl8zeBhTwavdmALSJR8IzoMj1L4q3mL/xUHIOZUQoITiqIVKE8Jw687MuSP7FbTi/ThtMACP1/lms6yBYoJvp8JaLE5zYYgWdDNCiWnWrIefOx84lBh96zsEaPeo059DyPmOaKMKA6KuUW6mNHfS5DTzks1f3+hLrID3xUWmQbzMOvegQpxhhk09qW5PpLCqTP0ZF60aDQqS/TqoNcmYIV41xGJVTBVyLIytNW0x90WdprhgFsdHJ4TVXn3pmuJt8HG1pV5KHueq5qYvq2+RjOrH9Uh8BFgFF7pVrQqrLlPACu6s76U0X9tZLStbMY3kd13XzGM5Kmn7BHobed9Sh8jWKxO+HT3thkr2HsO0OFw==\n",
                "username": "devsecops"
              }
            ],
            "admin_username": "devsecops",
            "allow_extension_operations": true,
            "availability_set_id": "",
            "boot_diagnostics": [],
            "computer_name": "elk",
            "custom_data": null,
            "dedicated_host_group_id": "",
            "dedicated_host_id": "",
            "disable_password_authentication": true,
            "edge_zone": "",
            "encryption_at_host_enabled": false,
            "eviction_policy": "",
            "extensions_time_budget": "PT1H30M",
            "id": "/subscriptions/e67af30a-7aac-47a6-866a-b451f9d97018/resourceGroups/rg_devsecops_studio/providers/Microsoft.Compute/virtualMachines/elk",
            "identity": [],
            "license_type": "",
            "location": "westeurope",
            "max_bid_price": -1,
            "name": "elk",
            "network_interface_ids": [
              "/subscriptions/e67af30a-7aac-47a6-866a-b451f9d97018/resourceGroups/rg_devsecops_studio/providers/Microsoft.Network/networkInterfaces/elk-nic"
            ],
            "os_disk": [
              {
                "caching": "ReadWrite",
                "diff_disk_settings": [],
                "disk_encryption_set_id": "",
                "disk_size_gb": 30,
                "name": "elk_OsDisk_1_aa11618bef564ac89a5924c9ade2e87b",
                "storage_account_type": "Standard_LRS",
                "write_accelerator_enabled": false
              }
            ],
            "patch_mode": "ImageDefault",
            "plan": [],
            "platform_fault_domain": -1,
            "priority": "Regular",
            "private_ip_address": "10.0.1.4",
            "private_ip_addresses": [
              "10.0.1.4"
            ],
            "provision_vm_agent": true,
            "proximity_placement_group_id": "",
            "public_ip_address": "",
            "public_ip_addresses": [],
            "resource_group_name": "rg_devsecops_studio",
            "secret": [],
            "secure_boot_enabled": false,
            "size": "Standard_A1_v2",
            "source_image_id": "",
            "source_image_reference": [
              {
                "offer": "0001-com-ubuntu-server-jammy",
                "publisher": "Canonical",
                "sku": "22_04-lts",
                "version": "latest"
              }
            ],
            "tags": null,
            "termination_notification": null,
            "timeouts": null,
            "user_data": "",
            "virtual_machine_id": "dfe830b8-a1da-4276-8239-0365a0fb8d78",
            "virtual_machine_scale_set_id": "",
            "vtpm_enabled": false,
            "zone": ""
          },
          "sensitive_attributes": [
            [
              {
                "type": "get_attr",
                "value": "admin_password"
              }
            ],
            [
              {
                "type": "get_attr",
                "value": "custom_data"
              }
            ]
          ],
          "private": "eyJlMmJmYjczMC1lY2FhLTExZTYtOGY4OC0zNDM2M2JjN2M0YzAiOnsiY3JlYXRlIjoyNzAwMDAwMDAwMDAwLCJkZWxldGUiOjI3MDAwMDAwMDAwMDAsInJlYWQiOjMwMDAwMDAwMDAwMCwidXBkYXRlIjoyNzAwMDAwMDAwMDAwfX0=",
          "dependencies": [
            "azurerm_network_interface.nic",
            "azurerm_resource_group.rg",
            "azurerm_subnet.subnet",
            "azurerm_virtual_network.vnet",
            "tls_private_key.vm_ssh_key"
          ]
        },
        {
          "index_key": 5,
          "schema_version": 0,
          "attributes": {
            "additional_capabilities": [],
            "admin_password": null,
            "admin_ssh_key": [
              {
                "public_key": "ssh-rsa AAAAB3NzaC1yc2EAAAADAQABAAABgQCcoF7SBV1Jjp6zbsJ1b95Or9EWzyeqNFj98bb5u4QSffoxru3OybveT5bSlOlJYiv1+a2DPMwklZt4Db//HG5GAVoZhi8tXKK9x/sD7UIiXLFO0iHmMAS7o32YJERPtqXO/3Jtm9ULdtNkImEq4wR6vk5Y6zxTlMkPykE7+1mjrTqxp517O5Jc10lDkyYyk0dmqUmNUnPN/ZFYKu8nUAV6bav7YAQrjauxFcNWQ6gicuUgu5uaaD0bkaZiTKzxKJ8j5XQ/p0k2CV6or3i8txG1NkGhhZfD5bmo5Y2g+Kyj6a7yBMmOKkXw8x0HC4BTxCt0Z1Laj7XOS1sTa4XAeZJaD97Lne3gE8udibldQvVovFNj/CwbL0K/UNPMOY2C/9wfUFlGcBhOg5YInS6EiRkRByaOqlaLBdOy+//b7/cRahi0frmv/U82hMFS4s+ka/ABLd7EBFzYX1TjIcf3Y3kmcQdwlwiBTEBtMQo5f2wOdMXLbAZnMTEL5pNi6RtolGk= germain@djuhnixomen\n",
                "username": "devsecops"
              },
              {
                "public_key": "ssh-rsa AAAAB3NzaC1yc2EAAAADAQABAAACAQDhbszZ9A13Ip0C1rwMk1UCJMsoU7B/qPDubITKeWe9nRZqHMgHWbpTRLh1BFvKdvI6dFPty7jzBlIRM11X7l5htVd64oOA5NEJzjiFPBKXI/vEkiu5aAE4Ks4RrnP+FMleYhJZfci+lt7OA4gYhoqen947mjfKLSVuD22OCoxKhzjTi6E0rXgZNps5ZbkEZ3K3hakeo65yIjOHgZY7HeosXLMERGxxCjOcl+l6CKTFsQcquBMLTCK1TYhgEDb3/5H2cta+45HAqCgBS2p5Y8vElTlZTPb58K4qIjO+9demoUK7SAL0qc1NScGZ8cNs/lSjl8zeBhTwavdmALSJR8IzoMj1L4q3mL/xUHIOZUQoITiqIVKE8Jw687MuSP7FbTi/ThtMACP1/lms6yBYoJvp8JaLE5zYYgWdDNCiWnWrIefOx84lBh96zsEaPeo059DyPmOaKMKA6KuUW6mNHfS5DTzks1f3+hLrID3xUWmQbzMOvegQpxhhk09qW5PpLCqTP0ZF60aDQqS/TqoNcmYIV41xGJVTBVyLIytNW0x90WdprhgFsdHJ4TVXn3pmuJt8HG1pV5KHueq5qYvq2+RjOrH9Uh8BFgFF7pVrQqrLlPACu6s76U0X9tZLStbMY3kd13XzGM5Kmn7BHobed9Sh8jWKxO+HT3thkr2HsO0OFw==\n",
                "username": "devsecops"
              }
            ],
            "admin_username": "devsecops",
            "allow_extension_operations": true,
            "availability_set_id": "",
            "boot_diagnostics": [],
            "computer_name": "prod",
            "custom_data": null,
            "dedicated_host_group_id": "",
            "dedicated_host_id": "",
            "disable_password_authentication": true,
            "edge_zone": "",
            "encryption_at_host_enabled": false,
            "eviction_policy": "",
            "extensions_time_budget": "PT1H30M",
            "id": "/subscriptions/e67af30a-7aac-47a6-866a-b451f9d97018/resourceGroups/rg_devsecops_studio/providers/Microsoft.Compute/virtualMachines/prod",
            "identity": [],
            "license_type": "",
            "location": "westeurope",
            "max_bid_price": -1,
            "name": "prod",
            "network_interface_ids": [
              "/subscriptions/e67af30a-7aac-47a6-866a-b451f9d97018/resourceGroups/rg_devsecops_studio/providers/Microsoft.Network/networkInterfaces/prod-nic"
            ],
            "os_disk": [
              {
                "caching": "ReadWrite",
                "diff_disk_settings": [],
                "disk_encryption_set_id": "",
                "disk_size_gb": 30,
                "name": "prod_OsDisk_1_27d1b36a20fc4bfaa0ef8de8452423b4",
                "storage_account_type": "Standard_LRS",
                "write_accelerator_enabled": false
              }
            ],
            "patch_mode": "ImageDefault",
            "plan": [],
            "platform_fault_domain": -1,
            "priority": "Regular",
            "private_ip_address": "10.0.1.7",
            "private_ip_addresses": [
              "10.0.1.7"
            ],
            "provision_vm_agent": true,
            "proximity_placement_group_id": "",
            "public_ip_address": "",
            "public_ip_addresses": [],
            "resource_group_name": "rg_devsecops_studio",
            "secret": [],
            "secure_boot_enabled": false,
            "size": "Standard_F1s",
            "source_image_id": "",
            "source_image_reference": [
              {
                "offer": "0001-com-ubuntu-server-jammy",
                "publisher": "Canonical",
                "sku": "22_04-lts",
                "version": "latest"
              }
            ],
            "tags": null,
            "termination_notification": null,
            "timeouts": null,
            "user_data": "",
            "virtual_machine_id": "7c27e8c8-434e-4fc7-9f7d-64a2fb68e564",
            "virtual_machine_scale_set_id": "",
            "vtpm_enabled": false,
            "zone": ""
          },
          "sensitive_attributes": [
            [
              {
                "type": "get_attr",
                "value": "custom_data"
              }
            ],
            [
              {
                "type": "get_attr",
                "value": "admin_password"
              }
            ]
          ],
          "private": "eyJlMmJmYjczMC1lY2FhLTExZTYtOGY4OC0zNDM2M2JjN2M0YzAiOnsiY3JlYXRlIjoyNzAwMDAwMDAwMDAwLCJkZWxldGUiOjI3MDAwMDAwMDAwMDAsInJlYWQiOjMwMDAwMDAwMDAwMCwidXBkYXRlIjoyNzAwMDAwMDAwMDAwfX0=",
          "dependencies": [
            "azurerm_network_interface.nic",
            "azurerm_resource_group.rg",
            "azurerm_subnet.subnet",
            "azurerm_virtual_network.vnet",
            "tls_private_key.vm_ssh_key"
          ]
        }
      ]
    },
    {
      "mode": "managed",
      "type": "azurerm_network_interface",
      "name": "nic",
      "provider": "provider[\"registry.terraform.io/hashicorp/azurerm\"]",
      "instances": [
        {
          "index_key": 0,
          "schema_version": 0,
          "attributes": {
            "applied_dns_servers": [],
            "dns_servers": [],
            "edge_zone": "",
            "enable_accelerated_networking": false,
            "enable_ip_forwarding": false,
            "id": "/subscriptions/e67af30a-7aac-47a6-866a-b451f9d97018/resourceGroups/rg_devsecops_studio/providers/Microsoft.Network/networkInterfaces/DevSecOps-Box-nic",
            "internal_dns_name_label": "",
            "internal_domain_name_suffix": "pkqbyhnf2teuxaepchdzcpfpag.ax.internal.cloudapp.net",
            "ip_configuration": [
              {
                "gateway_load_balancer_frontend_ip_configuration_id": "",
                "name": "internal",
                "primary": true,
                "private_ip_address": "10.0.1.8",
                "private_ip_address_allocation": "Dynamic",
                "private_ip_address_version": "IPv4",
                "public_ip_address_id": "",
                "subnet_id": "/subscriptions/e67af30a-7aac-47a6-866a-b451f9d97018/resourceGroups/rg_devsecops_studio/providers/Microsoft.Network/virtualNetworks/vnet_devsecops_studio/subnets/vnet_devsecops_studio_01"
              }
            ],
            "location": "westeurope",
            "mac_address": "00-0D-3A-45-BE-1A",
            "name": "DevSecOps-Box-nic",
            "private_ip_address": "10.0.1.8",
            "private_ip_addresses": [
              "10.0.1.8"
            ],
            "resource_group_name": "rg_devsecops_studio",
            "tags": {},
            "timeouts": null,
            "virtual_machine_id": "/subscriptions/e67af30a-7aac-47a6-866a-b451f9d97018/resourceGroups/rg_devsecops_studio/providers/Microsoft.Compute/virtualMachines/DevSecOps-Box"
          },
          "sensitive_attributes": [],
          "private": "eyJlMmJmYjczMC1lY2FhLTExZTYtOGY4OC0zNDM2M2JjN2M0YzAiOnsiY3JlYXRlIjoxODAwMDAwMDAwMDAwLCJkZWxldGUiOjE4MDAwMDAwMDAwMDAsInJlYWQiOjMwMDAwMDAwMDAwMCwidXBkYXRlIjoxODAwMDAwMDAwMDAwfX0=",
          "dependencies": [
            "azurerm_resource_group.rg",
            "azurerm_subnet.subnet",
            "azurerm_virtual_network.vnet"
          ]
        },
        {
          "index_key": 1,
          "schema_version": 0,
          "attributes": {
            "applied_dns_servers": [],
            "dns_servers": [],
            "edge_zone": "",
            "enable_accelerated_networking": false,
            "enable_ip_forwarding": false,
            "id": "/subscriptions/e67af30a-7aac-47a6-866a-b451f9d97018/resourceGroups/rg_devsecops_studio/providers/Microsoft.Network/networkInterfaces/jenkins-nic",
            "internal_dns_name_label": "",
            "internal_domain_name_suffix": "pkqbyhnf2teuxaepchdzcpfpag.ax.internal.cloudapp.net",
            "ip_configuration": [
              {
                "gateway_load_balancer_frontend_ip_configuration_id": "",
                "name": "internal",
                "primary": true,
                "private_ip_address": "10.0.1.6",
                "private_ip_address_allocation": "Dynamic",
                "private_ip_address_version": "IPv4",
                "public_ip_address_id": "",
                "subnet_id": "/subscriptions/e67af30a-7aac-47a6-866a-b451f9d97018/resourceGroups/rg_devsecops_studio/providers/Microsoft.Network/virtualNetworks/vnet_devsecops_studio/subnets/vnet_devsecops_studio_01"
              }
            ],
            "location": "westeurope",
            "mac_address": "00-0D-3A-2E-D2-02",
            "name": "jenkins-nic",
            "private_ip_address": "10.0.1.6",
            "private_ip_addresses": [
              "10.0.1.6"
            ],
            "resource_group_name": "rg_devsecops_studio",
            "tags": {},
            "timeouts": null,
            "virtual_machine_id": "/subscriptions/e67af30a-7aac-47a6-866a-b451f9d97018/resourceGroups/rg_devsecops_studio/providers/Microsoft.Compute/virtualMachines/jenkins"
          },
          "sensitive_attributes": [],
          "private": "eyJlMmJmYjczMC1lY2FhLTExZTYtOGY4OC0zNDM2M2JjN2M0YzAiOnsiY3JlYXRlIjoxODAwMDAwMDAwMDAwLCJkZWxldGUiOjE4MDAwMDAwMDAwMDAsInJlYWQiOjMwMDAwMDAwMDAwMCwidXBkYXRlIjoxODAwMDAwMDAwMDAwfX0=",
          "dependencies": [
            "azurerm_resource_group.rg",
            "azurerm_subnet.subnet",
            "azurerm_virtual_network.vnet"
          ]
        },
        {
          "index_key": 2,
          "schema_version": 0,
          "attributes": {
            "applied_dns_servers": [],
            "dns_servers": [],
            "edge_zone": "",
            "enable_accelerated_networking": false,
            "enable_ip_forwarding": false,
            "id": "/subscriptions/e67af30a-7aac-47a6-866a-b451f9d97018/resourceGroups/rg_devsecops_studio/providers/Microsoft.Network/networkInterfaces/gitlab-nic",
            "internal_dns_name_label": "",
            "internal_domain_name_suffix": "pkqbyhnf2teuxaepchdzcpfpag.ax.internal.cloudapp.net",
            "ip_configuration": [
              {
                "gateway_load_balancer_frontend_ip_configuration_id": "",
                "name": "internal",
                "primary": true,
                "private_ip_address": "10.0.1.9",
                "private_ip_address_allocation": "Dynamic",
                "private_ip_address_version": "IPv4",
                "public_ip_address_id": "",
                "subnet_id": "/subscriptions/e67af30a-7aac-47a6-866a-b451f9d97018/resourceGroups/rg_devsecops_studio/providers/Microsoft.Network/virtualNetworks/vnet_devsecops_studio/subnets/vnet_devsecops_studio_01"
              }
            ],
            "location": "westeurope",
            "mac_address": "00-0D-3A-4C-34-79",
            "name": "gitlab-nic",
            "private_ip_address": "10.0.1.9",
            "private_ip_addresses": [
              "10.0.1.9"
            ],
            "resource_group_name": "rg_devsecops_studio",
            "tags": {},
            "timeouts": null,
            "virtual_machine_id": "/subscriptions/e67af30a-7aac-47a6-866a-b451f9d97018/resourceGroups/rg_devsecops_studio/providers/Microsoft.Compute/virtualMachines/gitlab"
          },
          "sensitive_attributes": [],
          "private": "eyJlMmJmYjczMC1lY2FhLTExZTYtOGY4OC0zNDM2M2JjN2M0YzAiOnsiY3JlYXRlIjoxODAwMDAwMDAwMDAwLCJkZWxldGUiOjE4MDAwMDAwMDAwMDAsInJlYWQiOjMwMDAwMDAwMDAwMCwidXBkYXRlIjoxODAwMDAwMDAwMDAwfX0=",
          "dependencies": [
            "azurerm_resource_group.rg",
            "azurerm_subnet.subnet",
            "azurerm_virtual_network.vnet"
          ]
        },
        {
          "index_key": 3,
          "schema_version": 0,
          "attributes": {
            "applied_dns_servers": [],
            "dns_servers": [],
            "edge_zone": "",
            "enable_accelerated_networking": false,
            "enable_ip_forwarding": false,
            "id": "/subscriptions/e67af30a-7aac-47a6-866a-b451f9d97018/resourceGroups/rg_devsecops_studio/providers/Microsoft.Network/networkInterfaces/gitlab-runner-nic",
            "internal_dns_name_label": "",
            "internal_domain_name_suffix": "pkqbyhnf2teuxaepchdzcpfpag.ax.internal.cloudapp.net",
            "ip_configuration": [
              {
                "gateway_load_balancer_frontend_ip_configuration_id": "",
                "name": "internal",
                "primary": true,
                "private_ip_address": "10.0.1.5",
                "private_ip_address_allocation": "Dynamic",
                "private_ip_address_version": "IPv4",
                "public_ip_address_id": "",
                "subnet_id": "/subscriptions/e67af30a-7aac-47a6-866a-b451f9d97018/resourceGroups/rg_devsecops_studio/providers/Microsoft.Network/virtualNetworks/vnet_devsecops_studio/subnets/vnet_devsecops_studio_01"
              }
            ],
            "location": "westeurope",
            "mac_address": "00-0D-3A-28-29-34",
            "name": "gitlab-runner-nic",
            "private_ip_address": "10.0.1.5",
            "private_ip_addresses": [
              "10.0.1.5"
            ],
            "resource_group_name": "rg_devsecops_studio",
            "tags": {},
            "timeouts": null,
            "virtual_machine_id": "/subscriptions/e67af30a-7aac-47a6-866a-b451f9d97018/resourceGroups/rg_devsecops_studio/providers/Microsoft.Compute/virtualMachines/gitlab-runner"
          },
          "sensitive_attributes": [],
          "private": "eyJlMmJmYjczMC1lY2FhLTExZTYtOGY4OC0zNDM2M2JjN2M0YzAiOnsiY3JlYXRlIjoxODAwMDAwMDAwMDAwLCJkZWxldGUiOjE4MDAwMDAwMDAwMDAsInJlYWQiOjMwMDAwMDAwMDAwMCwidXBkYXRlIjoxODAwMDAwMDAwMDAwfX0=",
          "dependencies": [
            "azurerm_resource_group.rg",
            "azurerm_subnet.subnet",
            "azurerm_virtual_network.vnet"
          ]
        },
        {
          "index_key": 4,
          "schema_version": 0,
          "attributes": {
            "applied_dns_servers": [],
            "dns_servers": [],
            "edge_zone": "",
            "enable_accelerated_networking": false,
            "enable_ip_forwarding": false,
            "id": "/subscriptions/e67af30a-7aac-47a6-866a-b451f9d97018/resourceGroups/rg_devsecops_studio/providers/Microsoft.Network/networkInterfaces/elk-nic",
            "internal_dns_name_label": "",
            "internal_domain_name_suffix": "pkqbyhnf2teuxaepchdzcpfpag.ax.internal.cloudapp.net",
            "ip_configuration": [
              {
                "gateway_load_balancer_frontend_ip_configuration_id": "",
                "name": "internal",
                "primary": true,
                "private_ip_address": "10.0.1.4",
                "private_ip_address_allocation": "Dynamic",
                "private_ip_address_version": "IPv4",
                "public_ip_address_id": "",
                "subnet_id": "/subscriptions/e67af30a-7aac-47a6-866a-b451f9d97018/resourceGroups/rg_devsecops_studio/providers/Microsoft.Network/virtualNetworks/vnet_devsecops_studio/subnets/vnet_devsecops_studio_01"
              }
            ],
            "location": "westeurope",
            "mac_address": "00-0D-3A-48-FB-47",
            "name": "elk-nic",
            "private_ip_address": "10.0.1.4",
            "private_ip_addresses": [
              "10.0.1.4"
            ],
            "resource_group_name": "rg_devsecops_studio",
            "tags": {},
            "timeouts": null,
            "virtual_machine_id": "/subscriptions/e67af30a-7aac-47a6-866a-b451f9d97018/resourceGroups/rg_devsecops_studio/providers/Microsoft.Compute/virtualMachines/elk"
          },
          "sensitive_attributes": [],
          "private": "eyJlMmJmYjczMC1lY2FhLTExZTYtOGY4OC0zNDM2M2JjN2M0YzAiOnsiY3JlYXRlIjoxODAwMDAwMDAwMDAwLCJkZWxldGUiOjE4MDAwMDAwMDAwMDAsInJlYWQiOjMwMDAwMDAwMDAwMCwidXBkYXRlIjoxODAwMDAwMDAwMDAwfX0=",
          "dependencies": [
            "azurerm_resource_group.rg",
            "azurerm_subnet.subnet",
            "azurerm_virtual_network.vnet"
          ]
        },
        {
          "index_key": 5,
          "schema_version": 0,
          "attributes": {
            "applied_dns_servers": [],
            "dns_servers": [],
            "edge_zone": "",
            "enable_accelerated_networking": false,
            "enable_ip_forwarding": false,
            "id": "/subscriptions/e67af30a-7aac-47a6-866a-b451f9d97018/resourceGroups/rg_devsecops_studio/providers/Microsoft.Network/networkInterfaces/prod-nic",
            "internal_dns_name_label": "",
            "internal_domain_name_suffix": "pkqbyhnf2teuxaepchdzcpfpag.ax.internal.cloudapp.net",
            "ip_configuration": [
              {
                "gateway_load_balancer_frontend_ip_configuration_id": "",
                "name": "internal",
                "primary": true,
                "private_ip_address": "10.0.1.7",
                "private_ip_address_allocation": "Dynamic",
                "private_ip_address_version": "IPv4",
                "public_ip_address_id": "",
                "subnet_id": "/subscriptions/e67af30a-7aac-47a6-866a-b451f9d97018/resourceGroups/rg_devsecops_studio/providers/Microsoft.Network/virtualNetworks/vnet_devsecops_studio/subnets/vnet_devsecops_studio_01"
              }
            ],
            "location": "westeurope",
            "mac_address": "00-22-48-82-CB-C1",
            "name": "prod-nic",
            "private_ip_address": "10.0.1.7",
            "private_ip_addresses": [
              "10.0.1.7"
            ],
            "resource_group_name": "rg_devsecops_studio",
            "tags": {},
            "timeouts": null,
            "virtual_machine_id": "/subscriptions/e67af30a-7aac-47a6-866a-b451f9d97018/resourceGroups/rg_devsecops_studio/providers/Microsoft.Compute/virtualMachines/prod"
          },
          "sensitive_attributes": [],
          "private": "eyJlMmJmYjczMC1lY2FhLTExZTYtOGY4OC0zNDM2M2JjN2M0YzAiOnsiY3JlYXRlIjoxODAwMDAwMDAwMDAwLCJkZWxldGUiOjE4MDAwMDAwMDAwMDAsInJlYWQiOjMwMDAwMDAwMDAwMCwidXBkYXRlIjoxODAwMDAwMDAwMDAwfX0=",
          "dependencies": [
            "azurerm_resource_group.rg",
            "azurerm_subnet.subnet",
            "azurerm_virtual_network.vnet"
          ]
        }
      ]
    },
    {
      "mode": "managed",
      "type": "azurerm_network_security_group",
      "name": "sg_subnet",
      "provider": "provider[\"registry.terraform.io/hashicorp/azurerm\"]",
      "instances": [
        {
          "schema_version": 0,
          "attributes": {
            "id": "/subscriptions/e67af30a-7aac-47a6-866a-b451f9d97018/resourceGroups/rg_devsecops_studio/providers/Microsoft.Network/networkSecurityGroups/sg_devsecops_studio",
            "location": "westeurope",
            "name": "sg_devsecops_studio",
            "resource_group_name": "rg_devsecops_studio",
            "security_rule": [],
            "tags": {
              "environment": "test",
              "owner": "djuhnix"
            },
            "timeouts": null
          },
          "sensitive_attributes": [],
          "private": "eyJlMmJmYjczMC1lY2FhLTExZTYtOGY4OC0zNDM2M2JjN2M0YzAiOnsiY3JlYXRlIjoxODAwMDAwMDAwMDAwLCJkZWxldGUiOjE4MDAwMDAwMDAwMDAsInJlYWQiOjMwMDAwMDAwMDAwMCwidXBkYXRlIjoxODAwMDAwMDAwMDAwfX0=",
          "dependencies": [
            "azurerm_resource_group.rg"
          ]
        }
      ]
    },
    {
      "mode": "managed",
      "type": "azurerm_network_security_rule",
      "name": "sg_inbound_allow_ssh",
      "provider": "provider[\"registry.terraform.io/hashicorp/azurerm\"]",
      "instances": [
        {
          "schema_version": 0,
          "attributes": {
            "access": "Allow",
            "description": "",
            "destination_address_prefix": "10.0.1.0/24",
            "destination_address_prefixes": null,
            "destination_application_security_group_ids": null,
            "destination_port_range": "22",
            "destination_port_ranges": null,
            "direction": "Inbound",
            "id": "/subscriptions/e67af30a-7aac-47a6-866a-b451f9d97018/resourceGroups/rg_devsecops_studio/providers/Microsoft.Network/networkSecurityGroups/sg_devsecops_studio/securityRules/Inbound_Allow_Bastion_SSH",
            "name": "Inbound_Allow_Bastion_SSH",
            "network_security_group_name": "sg_devsecops_studio",
            "priority": 510,
            "protocol": "Tcp",
            "resource_group_name": "rg_devsecops_studio",
            "source_address_prefix": "10.0.2.0/25",
            "source_address_prefixes": null,
            "source_application_security_group_ids": null,
            "source_port_range": "*",
            "source_port_ranges": null,
            "timeouts": null
          },
          "sensitive_attributes": [],
          "private": "eyJlMmJmYjczMC1lY2FhLTExZTYtOGY4OC0zNDM2M2JjN2M0YzAiOnsiY3JlYXRlIjoxODAwMDAwMDAwMDAwLCJkZWxldGUiOjE4MDAwMDAwMDAwMDAsInJlYWQiOjMwMDAwMDAwMDAwMCwidXBkYXRlIjoxODAwMDAwMDAwMDAwfX0=",
          "dependencies": [
            "azurerm_network_security_group.sg_subnet",
            "azurerm_resource_group.rg",
            "azurerm_subnet.bastion_subnet",
            "azurerm_subnet.subnet",
            "azurerm_virtual_network.vnet"
          ]
        }
      ]
    },
    {
      "mode": "managed",
      "type": "azurerm_network_security_rule",
      "name": "sg_inbound_deny_all",
      "provider": "provider[\"registry.terraform.io/hashicorp/azurerm\"]",
      "instances": [
        {
          "schema_version": 0,
          "attributes": {
            "access": "Deny",
            "description": "",
            "destination_address_prefix": "10.0.1.0/24",
            "destination_address_prefixes": null,
            "destination_application_security_group_ids": null,
            "destination_port_range": "*",
            "destination_port_ranges": null,
            "direction": "Inbound",
            "id": "/subscriptions/e67af30a-7aac-47a6-866a-b451f9d97018/resourceGroups/rg_devsecops_studio/providers/Microsoft.Network/networkSecurityGroups/sg_devsecops_studio/securityRules/Inbound_Deny_Any_Any",
            "name": "Inbound_Deny_Any_Any",
            "network_security_group_name": "sg_devsecops_studio",
            "priority": 1000,
            "protocol": "*",
            "resource_group_name": "rg_devsecops_studio",
            "source_address_prefix": "*",
            "source_address_prefixes": null,
            "source_application_security_group_ids": null,
            "source_port_range": "*",
            "source_port_ranges": null,
            "timeouts": null
          },
          "sensitive_attributes": [],
          "private": "eyJlMmJmYjczMC1lY2FhLTExZTYtOGY4OC0zNDM2M2JjN2M0YzAiOnsiY3JlYXRlIjoxODAwMDAwMDAwMDAwLCJkZWxldGUiOjE4MDAwMDAwMDAwMDAsInJlYWQiOjMwMDAwMDAwMDAwMCwidXBkYXRlIjoxODAwMDAwMDAwMDAwfX0=",
          "dependencies": [
            "azurerm_network_security_group.sg_subnet",
            "azurerm_resource_group.rg",
            "azurerm_subnet.subnet",
            "azurerm_virtual_network.vnet"
          ]
        }
      ]
    },
    {
      "mode": "managed",
      "type": "azurerm_network_security_rule",
      "name": "sg_outbound_allow_subnet",
      "provider": "provider[\"registry.terraform.io/hashicorp/azurerm\"]",
      "instances": [
        {
          "schema_version": 0,
          "attributes": {
            "access": "Allow",
            "description": "",
            "destination_address_prefix": "10.0.1.0/24",
            "destination_address_prefixes": null,
            "destination_application_security_group_ids": null,
            "destination_port_range": "*",
            "destination_port_ranges": null,
            "direction": "Outbound",
            "id": "/subscriptions/e67af30a-7aac-47a6-866a-b451f9d97018/resourceGroups/rg_devsecops_studio/providers/Microsoft.Network/networkSecurityGroups/sg_devsecops_studio/securityRules/Outbound_Allow_Subnet_Any",
            "name": "Outbound_Allow_Subnet_Any",
            "network_security_group_name": "sg_devsecops_studio",
            "priority": 500,
            "protocol": "*",
            "resource_group_name": "rg_devsecops_studio",
            "source_address_prefix": "10.0.1.0/24",
            "source_address_prefixes": null,
            "source_application_security_group_ids": null,
            "source_port_range": "*",
            "source_port_ranges": null,
            "timeouts": null
          },
          "sensitive_attributes": [],
          "private": "eyJlMmJmYjczMC1lY2FhLTExZTYtOGY4OC0zNDM2M2JjN2M0YzAiOnsiY3JlYXRlIjoxODAwMDAwMDAwMDAwLCJkZWxldGUiOjE4MDAwMDAwMDAwMDAsInJlYWQiOjMwMDAwMDAwMDAwMCwidXBkYXRlIjoxODAwMDAwMDAwMDAwfX0=",
          "dependencies": [
            "azurerm_network_security_group.sg_subnet",
            "azurerm_resource_group.rg",
            "azurerm_subnet.subnet",
            "azurerm_virtual_network.vnet"
          ]
        }
      ]
    },
    {
      "mode": "managed",
      "type": "azurerm_network_security_rule",
      "name": "sg_outbound_deny_all",
      "provider": "provider[\"registry.terraform.io/hashicorp/azurerm\"]",
      "instances": [
        {
          "schema_version": 0,
          "attributes": {
            "access": "Deny",
            "description": "",
            "destination_address_prefix": "*",
            "destination_address_prefixes": null,
            "destination_application_security_group_ids": null,
            "destination_port_range": "*",
            "destination_port_ranges": null,
            "direction": "Outbound",
            "id": "/subscriptions/e67af30a-7aac-47a6-866a-b451f9d97018/resourceGroups/rg_devsecops_studio/providers/Microsoft.Network/networkSecurityGroups/sg_devsecops_studio/securityRules/Outbound_Deny_Any_Any",
            "name": "Outbound_Deny_Any_Any",
            "network_security_group_name": "sg_devsecops_studio",
            "priority": 1000,
            "protocol": "*",
            "resource_group_name": "rg_devsecops_studio",
            "source_address_prefix": "10.0.1.0/24",
            "source_address_prefixes": null,
            "source_application_security_group_ids": null,
            "source_port_range": "*",
            "source_port_ranges": null,
            "timeouts": null
          },
          "sensitive_attributes": [],
          "private": "eyJlMmJmYjczMC1lY2FhLTExZTYtOGY4OC0zNDM2M2JjN2M0YzAiOnsiY3JlYXRlIjoxODAwMDAwMDAwMDAwLCJkZWxldGUiOjE4MDAwMDAwMDAwMDAsInJlYWQiOjMwMDAwMDAwMDAwMCwidXBkYXRlIjoxODAwMDAwMDAwMDAwfX0=",
          "dependencies": [
            "azurerm_network_security_group.sg_subnet",
            "azurerm_resource_group.rg",
            "azurerm_subnet.subnet",
            "azurerm_virtual_network.vnet"
          ]
        }
      ]
    },
    {
      "mode": "managed",
      "type": "azurerm_public_ip",
      "name": "bastion_public_ip",
      "provider": "provider[\"registry.terraform.io/hashicorp/azurerm\"]",
      "instances": [
        {
          "schema_version": 0,
          "attributes": {
            "allocation_method": "Static",
            "domain_name_label": null,
            "edge_zone": "",
            "fqdn": null,
            "id": "/subscriptions/e67af30a-7aac-47a6-866a-b451f9d97018/resourceGroups/rg_devsecops_studio/providers/Microsoft.Network/publicIPAddresses/bastion_public_ip",
            "idle_timeout_in_minutes": 4,
            "ip_address": "108.142.248.216",
            "ip_tags": null,
            "ip_version": "IPv4",
            "location": "westeurope",
            "name": "bastion_public_ip",
            "public_ip_prefix_id": null,
            "resource_group_name": "rg_devsecops_studio",
            "reverse_fqdn": null,
            "sku": "Standard",
            "sku_tier": "Regional",
            "tags": null,
            "timeouts": null,
            "zones": null
          },
          "sensitive_attributes": [],
          "private": "eyJlMmJmYjczMC1lY2FhLTExZTYtOGY4OC0zNDM2M2JjN2M0YzAiOnsiY3JlYXRlIjoxODAwMDAwMDAwMDAwLCJkZWxldGUiOjE4MDAwMDAwMDAwMDAsInJlYWQiOjMwMDAwMDAwMDAwMCwidXBkYXRlIjoxODAwMDAwMDAwMDAwfX0=",
          "dependencies": [
            "azurerm_resource_group.rg"
          ]
        }
      ]
    },
    {
      "mode": "managed",
      "type": "azurerm_resource_group",
      "name": "rg",
      "provider": "provider[\"registry.terraform.io/hashicorp/azurerm\"]",
      "instances": [
        {
          "schema_version": 0,
          "attributes": {
            "id": "/subscriptions/e67af30a-7aac-47a6-866a-b451f9d97018/resourceGroups/rg_devsecops_studio",
            "location": "westeurope",
            "name": "rg_devsecops_studio",
            "tags": {},
            "timeouts": null
          },
          "sensitive_attributes": [],
          "private": "eyJlMmJmYjczMC1lY2FhLTExZTYtOGY4OC0zNDM2M2JjN2M0YzAiOnsiY3JlYXRlIjo1NDAwMDAwMDAwMDAwLCJkZWxldGUiOjU0MDAwMDAwMDAwMDAsInJlYWQiOjMwMDAwMDAwMDAwMCwidXBkYXRlIjo1NDAwMDAwMDAwMDAwfX0="
        }
      ]
    },
    {
      "mode": "managed",
      "type": "azurerm_subnet",
      "name": "bastion_subnet",
      "provider": "provider[\"registry.terraform.io/hashicorp/azurerm\"]",
      "instances": [
        {
          "schema_version": 0,
          "attributes": {
            "address_prefixes": [
              "10.0.2.0/25"
            ],
            "delegation": [],
            "enforce_private_link_endpoint_network_policies": false,
            "enforce_private_link_service_network_policies": false,
            "id": "/subscriptions/e67af30a-7aac-47a6-866a-b451f9d97018/resourceGroups/rg_devsecops_studio/providers/Microsoft.Network/virtualNetworks/vnet_devsecops_studio/subnets/AzureBastionSubnet",
            "name": "AzureBastionSubnet",
            "resource_group_name": "rg_devsecops_studio",
            "service_endpoint_policy_ids": null,
            "service_endpoints": null,
            "timeouts": null,
            "virtual_network_name": "vnet_devsecops_studio"
          },
          "sensitive_attributes": [],
          "private": "eyJlMmJmYjczMC1lY2FhLTExZTYtOGY4OC0zNDM2M2JjN2M0YzAiOnsiY3JlYXRlIjoxODAwMDAwMDAwMDAwLCJkZWxldGUiOjE4MDAwMDAwMDAwMDAsInJlYWQiOjMwMDAwMDAwMDAwMCwidXBkYXRlIjoxODAwMDAwMDAwMDAwfX0=",
          "dependencies": [
            "azurerm_resource_group.rg",
            "azurerm_virtual_network.vnet"
          ]
        }
      ]
    },
    {
      "mode": "managed",
      "type": "azurerm_subnet",
      "name": "subnet",
      "provider": "provider[\"registry.terraform.io/hashicorp/azurerm\"]",
      "instances": [
        {
          "schema_version": 0,
          "attributes": {
            "address_prefixes": [
              "10.0.1.0/24"
            ],
            "delegation": [],
            "enforce_private_link_endpoint_network_policies": false,
            "enforce_private_link_service_network_policies": false,
            "id": "/subscriptions/e67af30a-7aac-47a6-866a-b451f9d97018/resourceGroups/rg_devsecops_studio/providers/Microsoft.Network/virtualNetworks/vnet_devsecops_studio/subnets/vnet_devsecops_studio_01",
            "name": "vnet_devsecops_studio_01",
            "resource_group_name": "rg_devsecops_studio",
            "service_endpoint_policy_ids": [],
            "service_endpoints": [],
            "timeouts": null,
            "virtual_network_name": "vnet_devsecops_studio"
          },
          "sensitive_attributes": [],
          "private": "eyJlMmJmYjczMC1lY2FhLTExZTYtOGY4OC0zNDM2M2JjN2M0YzAiOnsiY3JlYXRlIjoxODAwMDAwMDAwMDAwLCJkZWxldGUiOjE4MDAwMDAwMDAwMDAsInJlYWQiOjMwMDAwMDAwMDAwMCwidXBkYXRlIjoxODAwMDAwMDAwMDAwfX0=",
          "dependencies": [
            "azurerm_resource_group.rg",
            "azurerm_virtual_network.vnet"
          ]
        }
      ]
    },
    {
      "mode": "managed",
      "type": "azurerm_subnet_network_security_group_association",
      "name": "sg_subnet_association",
      "provider": "provider[\"registry.terraform.io/hashicorp/azurerm\"]",
      "instances": [
        {
          "schema_version": 0,
          "attributes": {
            "id": "/subscriptions/e67af30a-7aac-47a6-866a-b451f9d97018/resourceGroups/rg_devsecops_studio/providers/Microsoft.Network/virtualNetworks/vnet_devsecops_studio/subnets/vnet_devsecops_studio_01",
            "network_security_group_id": "/subscriptions/e67af30a-7aac-47a6-866a-b451f9d97018/resourceGroups/rg_devsecops_studio/providers/Microsoft.Network/networkSecurityGroups/sg_devsecops_studio",
            "subnet_id": "/subscriptions/e67af30a-7aac-47a6-866a-b451f9d97018/resourceGroups/rg_devsecops_studio/providers/Microsoft.Network/virtualNetworks/vnet_devsecops_studio/subnets/vnet_devsecops_studio_01",
            "timeouts": null
          },
          "sensitive_attributes": [],
          "private": "eyJlMmJmYjczMC1lY2FhLTExZTYtOGY4OC0zNDM2M2JjN2M0YzAiOnsiY3JlYXRlIjoxODAwMDAwMDAwMDAwLCJkZWxldGUiOjE4MDAwMDAwMDAwMDAsInJlYWQiOjMwMDAwMDAwMDAwMCwidXBkYXRlIjoxODAwMDAwMDAwMDAwfX0=",
          "dependencies": [
            "azurerm_network_security_group.sg_subnet",
            "azurerm_resource_group.rg",
            "azurerm_subnet.subnet",
            "azurerm_virtual_network.vnet"
          ]
        }
      ]
    },
    {
      "mode": "managed",
      "type": "azurerm_virtual_network",
      "name": "vnet",
      "provider": "provider[\"registry.terraform.io/hashicorp/azurerm\"]",
      "instances": [
        {
          "schema_version": 0,
          "attributes": {
            "address_space": [
              "10.0.0.0/16"
            ],
            "bgp_community": "",
            "ddos_protection_plan": [],
            "dns_servers": [],
            "edge_zone": "",
            "flow_timeout_in_minutes": 0,
            "guid": "1d1ca07a-e4a5-4bc9-808f-11c7913caf06",
            "id": "/subscriptions/e67af30a-7aac-47a6-866a-b451f9d97018/resourceGroups/rg_devsecops_studio/providers/Microsoft.Network/virtualNetworks/vnet_devsecops_studio",
            "location": "westeurope",
            "name": "vnet_devsecops_studio",
            "resource_group_name": "rg_devsecops_studio",
            "subnet": [
              {
                "address_prefix": "10.0.1.0/24",
                "id": "/subscriptions/e67af30a-7aac-47a6-866a-b451f9d97018/resourceGroups/rg_devsecops_studio/providers/Microsoft.Network/virtualNetworks/vnet_devsecops_studio/subnets/vnet_devsecops_studio_01",
                "name": "vnet_devsecops_studio_01",
                "security_group": ""
              }
            ],
            "tags": {},
            "timeouts": null
          },
          "sensitive_attributes": [],
          "private": "eyJlMmJmYjczMC1lY2FhLTExZTYtOGY4OC0zNDM2M2JjN2M0YzAiOnsiY3JlYXRlIjoxODAwMDAwMDAwMDAwLCJkZWxldGUiOjE4MDAwMDAwMDAwMDAsInJlYWQiOjMwMDAwMDAwMDAwMCwidXBkYXRlIjoxODAwMDAwMDAwMDAwfX0=",
          "dependencies": [
            "azurerm_resource_group.rg"
          ]
        }
      ]
    },
    {
      "mode": "managed",
      "type": "tls_private_key",
      "name": "vm_ssh_key",
      "provider": "provider[\"registry.terraform.io/hashicorp/tls\"]",
      "instances": [
        {
          "schema_version": 1,
          "attributes": {
            "algorithm": "RSA",
            "ecdsa_curve": "P224",
            "id": "0b981e1b029f5f21773ce2220a7f023623a548fb",
            "private_key_openssh": "-----BEGIN OPENSSH PRIVATE KEY-----\nb3BlbnNzaC1rZXktdjEAAAAABG5vbmUAAAAEbm9uZQAAAAAAAAABAAACFwAAAAdz\nc2gtcnNhAAAAAwEAAQAAAgEA4W7M2fQNdyKdAta8DJNVAiTLKFOwf6jw7myEynln\nvZ0WahzIB1m6U0S4dQRbynbyOnRT7cu48wZSETNdV+5eYbVXeuKDgOTRCc44hTwS\nlyP7xJIruWgBOCrOEa5z/hTJXmISWX3IvpbezgOIGIaKnp/eO5o3yi0lbg9tjgqM\nSoc404uhNK14GTabOWW5BGdyt4WpHqOuciIzh4GWOx3qLFyzBERscQoznJfpegik\nxbEHKrgTC0witU2IYBA29/+R9nLWvuORwKgoAUtqeWPLxJU5WUz2+fCuKiIzvvXX\npqFCu0gC9KnNTUnBmfHDbP5Uo5fM3gYU8Gr3ZgC0iUfCM6DI9S+Kt5i/8VByDmVE\nKCE4qiFShPCcOvOzLkj+xW04v04bTAAj9f5ZrOsgWKCb6fCWixOc2GIFnQzQolp1\nqyHnzsfOJQYfes7BGj3qNOfQ8j5jmijCgOirlFupjR30uQ085LNX9/oS6yA98VFp\nkG8zDr3oEKcYYZNPaluT6Swqkz9GRetGg0Kkv06qDXJmCFeNcRiVUwVciyMrTVtM\nfdFnaa4YBbHRyeE1V596ZribfBxtaVeSh7nquamL6tvkYzqx/VIfARYBRe6Va0Kq\ny5TwArurO+lNF/bWS0rWzGN5Hdd18xjOSpp+wR6G3nfUofI1isTvh097YZK9h7Dt\nDhcAAAc4Os0JnjrNCZ4AAAAHc3NoLXJzYQAAAgEA4W7M2fQNdyKdAta8DJNVAiTL\nKFOwf6jw7myEynlnvZ0WahzIB1m6U0S4dQRbynbyOnRT7cu48wZSETNdV+5eYbVX\neuKDgOTRCc44hTwSlyP7xJIruWgBOCrOEa5z/hTJXmISWX3IvpbezgOIGIaKnp/e\nO5o3yi0lbg9tjgqMSoc404uhNK14GTabOWW5BGdyt4WpHqOuciIzh4GWOx3qLFyz\nBERscQoznJfpegikxbEHKrgTC0witU2IYBA29/+R9nLWvuORwKgoAUtqeWPLxJU5\nWUz2+fCuKiIzvvXXpqFCu0gC9KnNTUnBmfHDbP5Uo5fM3gYU8Gr3ZgC0iUfCM6DI\n9S+Kt5i/8VByDmVEKCE4qiFShPCcOvOzLkj+xW04v04bTAAj9f5ZrOsgWKCb6fCW\nixOc2GIFnQzQolp1qyHnzsfOJQYfes7BGj3qNOfQ8j5jmijCgOirlFupjR30uQ08\n5LNX9/oS6yA98VFpkG8zDr3oEKcYYZNPaluT6Swqkz9GRetGg0Kkv06qDXJmCFeN\ncRiVUwVciyMrTVtMfdFnaa4YBbHRyeE1V596ZribfBxtaVeSh7nquamL6tvkYzqx\n/VIfARYBRe6Va0Kqy5TwArurO+lNF/bWS0rWzGN5Hdd18xjOSpp+wR6G3nfUofI1\nisTvh097YZK9h7DtDhcAAAADAQABAAACADZVsmJGBIjWeumYQDL3v+GIZL8PjNb4\nLToKRedXY728Aw8IaN38roArbBooNseR68hTCXejRqystVMYAkOTXIRIZRFlTzTd\n8dRfNBhI5mIvdhtm78r8Wm7jQk/YsHRpJi/ti2aufpgRXRpil4bxxq988N+EyDWe\ntArXBRzbRf0gon26hdxggzXwh3FKJ1H8bRX2zVBpOz6fJ7Rdc4xEJZETtsIsi8aj\nItV3d/rF4pETnhqZy11JuIPicCBXSCh2HQQ9oazYxOSeoyXMu5kOiKqVHQF9H3oW\nnKPjIn3AW336GE9zh+LYmncqc9NbBjNbCaN0jxhkdt+LqJ2ZRepgtVmwa8tTfS1f\nwxsKGnsLN0RNjNJk7Y8qizaBs5EEXRms5/BxM6rYZCyLkJm1B89CX3rlNLgoIrjV\nBbjV++/ZHBjMotMZH/+OINwPbm2yfZud7O0G5R4YPwbfQqZXgCSYawEt4HKKqo82\nVLH78Ym2l2p2KPrVAIREaLzqdWZHjAtVN5eDzj99zqE2fhemM+XhG22ZHN09EeB6\n9cP1Gj842Z9t2oeSmHtJH29z1jJTEKer6MhP+iN4OlZ5x4LwxJdhjEDG89unpblM\nJxiWGfzlkQVqqVYQxEqRl7mOdK5Nj4/b2+JjgqIKsM/+vhjNC2Iym6iULD/XK5id\nxGYbwE+dV3qhAAABAQDOLKoRz4O8D1R8gTF3YaGo/0nwGW9D/HeelckZ7CLiK4Ya\npG+MKsVZLH2vjn5/RgGqN7/MClR7XwsFID2yc0I180TqZ16iFiZbZDgUPH2/mX4j\ni0LylDnysNso8nKhV6GKrC1MT4GkF929mtStU9jB+zOuCNtULw+a4N2SKsxxpEk9\nqPrmy7HbVN99rUn54QYIzrXCxvElWlJ8rkyHjHOXgcGQjXeQMlCMN5cFGZPe29aR\njDaZf5XSkWNJUUS3fyqyM08sNsn5Yz5jxSt3d3HoPJ3ZX0oKDY4WZL8E0DVtrKbx\nUOrPhGpzrBzoCeVVDaKvneHiN4h7/AbIvtRTz+wjAAABAQDqO08uz+G0ZIRVDs1A\ng3v31KkQKbDlUhZZw9Hz50LicCyqoGj8zkqoMHG2tLfomy5JQlOlEGo7e+c6Xmir\nJZZRQXuEQSwNSJtXEj7Kz5oqrglzY4KVFAZreex8CpSO6xtzHsV+nZcrr8HJFquE\nt+XIGAm124XRL4kLmTIOaXbxmd3pXPHu4kUcr4Tr7SPL+7DMdNrn+Yu6SVSCpDlS\nAoSOSJxu0OjpX0gJpTRhUkbzkfncKUzn6i7tUcLP2qPJDkB2g5tyhGUMSrT1l5LH\n4Pmjh//+Ah3VF0odQunZpg8KqBTyj+wiuJCwRX3COANuSUDNkQDSNlATUWw9B+2j\neTIbAAABAQD2Yidogkr0Giow6Oh/iYNOxv7FDctKdPnuPaCH8kQ2GAc+OB1bICwW\nGAgYU3FcKgHI6lUsYPsWa2f4W3EHm4IqYC/vKUIgcQ9OBikIN1pwPkh61wp1tqkx\nILXGwIytpGVA49YH+tmg4XBAFTlZzZb8GiksKv1/rIkhcVy39lgEtjslt3zj+3+8\nCukGCxeYhXXflwZwJyFjem9NxfRqYqsGaTMSSYucQZ5gpPoOuGI1LgCmhcoRb3M/\nHSJHlMBk6az9SHcUakxmidLyVmo3iDtrwRISF2Xw6EkMwJ4ExStd8Sb7xAhuSrX3\nvRAYwXsw/mUZrHKOHzD9VJ3AcIHH1/O1AAAAAAEC\n-----END OPENSSH PRIVATE KEY-----\n",
            "private_key_pem": "-----BEGIN RSA PRIVATE KEY-----\nMIIJKAIBAAKCAgEA4W7M2fQNdyKdAta8DJNVAiTLKFOwf6jw7myEynlnvZ0WahzI\nB1m6U0S4dQRbynbyOnRT7cu48wZSETNdV+5eYbVXeuKDgOTRCc44hTwSlyP7xJIr\nuWgBOCrOEa5z/hTJXmISWX3IvpbezgOIGIaKnp/eO5o3yi0lbg9tjgqMSoc404uh\nNK14GTabOWW5BGdyt4WpHqOuciIzh4GWOx3qLFyzBERscQoznJfpegikxbEHKrgT\nC0witU2IYBA29/+R9nLWvuORwKgoAUtqeWPLxJU5WUz2+fCuKiIzvvXXpqFCu0gC\n9KnNTUnBmfHDbP5Uo5fM3gYU8Gr3ZgC0iUfCM6DI9S+Kt5i/8VByDmVEKCE4qiFS\nhPCcOvOzLkj+xW04v04bTAAj9f5ZrOsgWKCb6fCWixOc2GIFnQzQolp1qyHnzsfO\nJQYfes7BGj3qNOfQ8j5jmijCgOirlFupjR30uQ085LNX9/oS6yA98VFpkG8zDr3o\nEKcYYZNPaluT6Swqkz9GRetGg0Kkv06qDXJmCFeNcRiVUwVciyMrTVtMfdFnaa4Y\nBbHRyeE1V596ZribfBxtaVeSh7nquamL6tvkYzqx/VIfARYBRe6Va0Kqy5TwArur\nO+lNF/bWS0rWzGN5Hdd18xjOSpp+wR6G3nfUofI1isTvh097YZK9h7DtDhcCAwEA\nAQKCAgA2VbJiRgSI1nrpmEAy97/hiGS/D4zW+C06CkXnV2O9vAMPCGjd/K6AK2wa\nKDbHkevIUwl3o0asrLVTGAJDk1yESGURZU803fHUXzQYSOZiL3YbZu/K/Fpu40JP\n2LB0aSYv7Ytmrn6YEV0aYpeG8cavfPDfhMg1nrQK1wUc20X9IKJ9uoXcYIM18Idx\nSidR/G0V9s1QaTs+nye0XXOMRCWRE7bCLIvGoyLVd3f6xeKRE54amctdSbiD4nAg\nV0godh0EPaGs2MTknqMlzLuZDoiqlR0BfR96Fpyj4yJ9wFt9+hhPc4fi2Jp3KnPT\nWwYzWwmjdI8YZHbfi6idmUXqYLVZsGvLU30tX8MbChp7CzdETYzSZO2PKos2gbOR\nBF0ZrOfwcTOq2GQsi5CZtQfPQl965TS4KCK41QW41fvv2RwYzKLTGR//jiDcD25t\nsn2bneztBuUeGD8G30KmV4AkmGsBLeByiqqPNlSx+/GJtpdqdij61QCERGi86nVm\nR4wLVTeXg84/fc6hNn4XpjPl4RttmRzdPRHgevXD9Ro/ONmfbdqHkph7SR9vc9Yy\nUxCnq+jIT/ojeDpWeceC8MSXYYxAxvPbp6W5TCcYlhn85ZEFaqlWEMRKkZe5jnSu\nTY+P29viY4KiCrDP/r4YzQtiMpuolCw/1yuYncRmG8BPnVd6oQKCAQEA6jtPLs/h\ntGSEVQ7NQIN799SpECmw5VIWWcPR8+dC4nAsqqBo/M5KqDBxtrS36JsuSUJTpRBq\nO3vnOl5oqyWWUUF7hEEsDUibVxI+ys+aKq4Jc2OClRQGa3nsfAqUjusbcx7Ffp2X\nK6/ByRarhLflyBgJtduF0S+JC5kyDml28Znd6Vzx7uJFHK+E6+0jy/uwzHTa5/mL\nuklUgqQ5UgKEjkicbtDo6V9ICaU0YVJG85H53ClM5+ou7VHCz9qjyQ5AdoObcoRl\nDEq09ZeSx+D5o4f//gId1RdKHULp2aYPCqgU8o/sIriQsEV9wjgDbklAzZEA0jZQ\nE1FsPQfto3kyGwKCAQEA9mInaIJK9BoqMOjof4mDTsb+xQ3LSnT57j2gh/JENhgH\nPjgdWyAsFhgIGFNxXCoByOpVLGD7Fmtn+FtxB5uCKmAv7ylCIHEPTgYpCDdacD5I\netcKdbapMSC1xsCMraRlQOPWB/rZoOFwQBU5Wc2W/BopLCr9f6yJIXFct/ZYBLY7\nJbd84/t/vArpBgsXmIV135cGcCchY3pvTcX0amKrBmkzEkmLnEGeYKT6DrhiNS4A\npoXKEW9zPx0iR5TAZOms/Uh3FGpMZonS8lZqN4g7a8ESEhdl8OhJDMCeBMUrXfEm\n+8QIbkq1970QGMF7MP5lGaxyjh8w/VSdwHCBx9fztQKCAQAWNJs0H+cQ1/qnqaiR\ntiVZgGKqspkflGGkDulniwQPPX0ui9iIJvJy8WzGWmmY9qUzssMFQgIgM4XfRbX8\ni6qtd1zDU/5eIAUCAyvKxFWkOC2TL9rgUS6un7dopwQgbG+EwWUNtNjw/k+Lxcdq\n5Jg3GPhKsk4EX9JJNDPHo/3vt5uPFQ2mjPLqXkVmrGuZWfoP2AAsv76cYXlOjU0V\n1kFEz+Nsqgd6oFrO90d49njdfHhIg+3TiqL6QqcKV3rxg5Ve5ukkuSJvQOHY6o6y\nvkRMWYdOSFsVqYiQL5jF1nVUmEysFjLXs9GbtGrQr8i7etxW4KlIRHfg7PYq7wZ7\nWfEDAoIBAEj/Ub+0ArMJ4YA2MVRAEMhRSwBlEtsPh1EfryU4ER+ZxOOZSpFKGeW9\n3wAeENMGmxrE2tFYNmwxDE/X/8gKOemGMA2CwtXLyYYLazLE+6WPvneuqKmxobUt\nhM3LFKMJtvofxrT8jGgPAuvpneFOeTJeKd6tKggevU5MQPU8Jl3XA/UrxPPi+rhi\n3yFsPeRxfjftjfnCjjDkAIAha0Xtz9AJcRk08wkro9nsZy3fUTGCXKz5rKG3zIRh\nhFuC5fHADgHI64b/63zhzr7//V5QnZJSVKFJj2lt2N7PXsH5DN07appjPUA4IGuy\n90buZCpi5N9TaWlUMnaMEGUIsFreT5UCggEBAM4sqhHPg7wPVHyBMXdhoaj/SfAZ\nb0P8d56VyRnsIuIrhhqkb4wqxVksfa+Ofn9GAao3v8wKVHtfCwUgPbJzQjXzROpn\nXqIWJltkOBQ8fb+ZfiOLQvKUOfKw2yjycqFXoYqsLUxPgaQX3b2a1K1T2MH7M64I\n21QvD5rg3ZIqzHGkST2o+ubLsdtU332tSfnhBgjOtcLG8SVaUnyuTIeMc5eBwZCN\nd5AyUIw3lwUZk97b1pGMNpl/ldKRY0lRRLd/KrIzTyw2yfljPmPFK3d3ceg8ndlf\nSgoNjhZkvwTQNW2spvFQ6s+EanOsHOgJ5VUNoq+d4eI3iHv8Bsi+1FPP7CM=\n-----END RSA PRIVATE KEY-----\n",
            "private_key_pem_pkcs8": "-----BEGIN PRIVATE KEY-----\nMIIJQgIBADANBgkqhkiG9w0BAQEFAASCCSwwggkoAgEAAoICAQDhbszZ9A13Ip0C\n1rwMk1UCJMsoU7B/qPDubITKeWe9nRZqHMgHWbpTRLh1BFvKdvI6dFPty7jzBlIR\nM11X7l5htVd64oOA5NEJzjiFPBKXI/vEkiu5aAE4Ks4RrnP+FMleYhJZfci+lt7O\nA4gYhoqen947mjfKLSVuD22OCoxKhzjTi6E0rXgZNps5ZbkEZ3K3hakeo65yIjOH\ngZY7HeosXLMERGxxCjOcl+l6CKTFsQcquBMLTCK1TYhgEDb3/5H2cta+45HAqCgB\nS2p5Y8vElTlZTPb58K4qIjO+9demoUK7SAL0qc1NScGZ8cNs/lSjl8zeBhTwavdm\nALSJR8IzoMj1L4q3mL/xUHIOZUQoITiqIVKE8Jw687MuSP7FbTi/ThtMACP1/lms\n6yBYoJvp8JaLE5zYYgWdDNCiWnWrIefOx84lBh96zsEaPeo059DyPmOaKMKA6KuU\nW6mNHfS5DTzks1f3+hLrID3xUWmQbzMOvegQpxhhk09qW5PpLCqTP0ZF60aDQqS/\nTqoNcmYIV41xGJVTBVyLIytNW0x90WdprhgFsdHJ4TVXn3pmuJt8HG1pV5KHueq5\nqYvq2+RjOrH9Uh8BFgFF7pVrQqrLlPACu6s76U0X9tZLStbMY3kd13XzGM5Kmn7B\nHobed9Sh8jWKxO+HT3thkr2HsO0OFwIDAQABAoICADZVsmJGBIjWeumYQDL3v+GI\nZL8PjNb4LToKRedXY728Aw8IaN38roArbBooNseR68hTCXejRqystVMYAkOTXIRI\nZRFlTzTd8dRfNBhI5mIvdhtm78r8Wm7jQk/YsHRpJi/ti2aufpgRXRpil4bxxq98\n8N+EyDWetArXBRzbRf0gon26hdxggzXwh3FKJ1H8bRX2zVBpOz6fJ7Rdc4xEJZET\ntsIsi8ajItV3d/rF4pETnhqZy11JuIPicCBXSCh2HQQ9oazYxOSeoyXMu5kOiKqV\nHQF9H3oWnKPjIn3AW336GE9zh+LYmncqc9NbBjNbCaN0jxhkdt+LqJ2ZRepgtVmw\na8tTfS1fwxsKGnsLN0RNjNJk7Y8qizaBs5EEXRms5/BxM6rYZCyLkJm1B89CX3rl\nNLgoIrjVBbjV++/ZHBjMotMZH/+OINwPbm2yfZud7O0G5R4YPwbfQqZXgCSYawEt\n4HKKqo82VLH78Ym2l2p2KPrVAIREaLzqdWZHjAtVN5eDzj99zqE2fhemM+XhG22Z\nHN09EeB69cP1Gj842Z9t2oeSmHtJH29z1jJTEKer6MhP+iN4OlZ5x4LwxJdhjEDG\n89unpblMJxiWGfzlkQVqqVYQxEqRl7mOdK5Nj4/b2+JjgqIKsM/+vhjNC2Iym6iU\nLD/XK5idxGYbwE+dV3qhAoIBAQDqO08uz+G0ZIRVDs1Ag3v31KkQKbDlUhZZw9Hz\n50LicCyqoGj8zkqoMHG2tLfomy5JQlOlEGo7e+c6XmirJZZRQXuEQSwNSJtXEj7K\nz5oqrglzY4KVFAZreex8CpSO6xtzHsV+nZcrr8HJFquEt+XIGAm124XRL4kLmTIO\naXbxmd3pXPHu4kUcr4Tr7SPL+7DMdNrn+Yu6SVSCpDlSAoSOSJxu0OjpX0gJpTRh\nUkbzkfncKUzn6i7tUcLP2qPJDkB2g5tyhGUMSrT1l5LH4Pmjh//+Ah3VF0odQunZ\npg8KqBTyj+wiuJCwRX3COANuSUDNkQDSNlATUWw9B+2jeTIbAoIBAQD2Yidogkr0\nGiow6Oh/iYNOxv7FDctKdPnuPaCH8kQ2GAc+OB1bICwWGAgYU3FcKgHI6lUsYPsW\na2f4W3EHm4IqYC/vKUIgcQ9OBikIN1pwPkh61wp1tqkxILXGwIytpGVA49YH+tmg\n4XBAFTlZzZb8GiksKv1/rIkhcVy39lgEtjslt3zj+3+8CukGCxeYhXXflwZwJyFj\nem9NxfRqYqsGaTMSSYucQZ5gpPoOuGI1LgCmhcoRb3M/HSJHlMBk6az9SHcUakxm\nidLyVmo3iDtrwRISF2Xw6EkMwJ4ExStd8Sb7xAhuSrX3vRAYwXsw/mUZrHKOHzD9\nVJ3AcIHH1/O1AoIBABY0mzQf5xDX+qepqJG2JVmAYqqymR+UYaQO6WeLBA89fS6L\n2Igm8nLxbMZaaZj2pTOywwVCAiAzhd9FtfyLqq13XMNT/l4gBQIDK8rEVaQ4LZMv\n2uBRLq6ft2inBCBsb4TBZQ202PD+T4vFx2rkmDcY+EqyTgRf0kk0M8ej/e+3m48V\nDaaM8upeRWasa5lZ+g/YACy/vpxheU6NTRXWQUTP42yqB3qgWs73R3j2eN18eEiD\n7dOKovpCpwpXevGDlV7m6SS5Im9A4djqjrK+RExZh05IWxWpiJAvmMXWdVSYTKwW\nMtez0Zu0atCvyLt63FbgqUhEd+Ds9irvBntZ8QMCggEASP9Rv7QCswnhgDYxVEAQ\nyFFLAGUS2w+HUR+vJTgRH5nE45lKkUoZ5b3fAB4Q0wabGsTa0Vg2bDEMT9f/yAo5\n6YYwDYLC1cvJhgtrMsT7pY++d66oqbGhtS2EzcsUowm2+h/GtPyMaA8C6+md4U55\nMl4p3q0qCB69TkxA9TwmXdcD9SvE8+L6uGLfIWw95HF+N+2N+cKOMOQAgCFrRe3P\n0AlxGTTzCSuj2exnLd9RMYJcrPmsobfMhGGEW4Ll8cAOAcjrhv/rfOHOvv/9XlCd\nklJUoUmPaW3Y3s9ewfkM3TtqmmM9QDgga7L3Ru5kKmLk31NpaVQydowQZQiwWt5P\nlQKCAQEAziyqEc+DvA9UfIExd2GhqP9J8BlvQ/x3npXJGewi4iuGGqRvjCrFWSx9\nr45+f0YBqje/zApUe18LBSA9snNCNfNE6mdeohYmW2Q4FDx9v5l+I4tC8pQ58rDb\nKPJyoVehiqwtTE+BpBfdvZrUrVPYwfszrgjbVC8PmuDdkirMcaRJPaj65sux21Tf\nfa1J+eEGCM61wsbxJVpSfK5Mh4xzl4HBkI13kDJQjDeXBRmT3tvWkYw2mX+V0pFj\nSVFEt38qsjNPLDbJ+WM+Y8Urd3dx6Dyd2V9KCg2OFmS/BNA1baym8VDqz4Rqc6wc\n6AnlVQ2ir53h4jeIe/wGyL7UU8/sIw==\n-----END PRIVATE KEY-----\n",
            "public_key_fingerprint_md5": "1f:7f:08:a6:2e:51:84:1e:4f:fe:6c:93:7a:73:d6:92",
            "public_key_fingerprint_sha256": "SHA256:MslAiddtH0HLm6CuqQGpWDO4npfUCU407/ybdPk5gu8",
            "public_key_openssh": "ssh-rsa AAAAB3NzaC1yc2EAAAADAQABAAACAQDhbszZ9A13Ip0C1rwMk1UCJMsoU7B/qPDubITKeWe9nRZqHMgHWbpTRLh1BFvKdvI6dFPty7jzBlIRM11X7l5htVd64oOA5NEJzjiFPBKXI/vEkiu5aAE4Ks4RrnP+FMleYhJZfci+lt7OA4gYhoqen947mjfKLSVuD22OCoxKhzjTi6E0rXgZNps5ZbkEZ3K3hakeo65yIjOHgZY7HeosXLMERGxxCjOcl+l6CKTFsQcquBMLTCK1TYhgEDb3/5H2cta+45HAqCgBS2p5Y8vElTlZTPb58K4qIjO+9demoUK7SAL0qc1NScGZ8cNs/lSjl8zeBhTwavdmALSJR8IzoMj1L4q3mL/xUHIOZUQoITiqIVKE8Jw687MuSP7FbTi/ThtMACP1/lms6yBYoJvp8JaLE5zYYgWdDNCiWnWrIefOx84lBh96zsEaPeo059DyPmOaKMKA6KuUW6mNHfS5DTzks1f3+hLrID3xUWmQbzMOvegQpxhhk09qW5PpLCqTP0ZF60aDQqS/TqoNcmYIV41xGJVTBVyLIytNW0x90WdprhgFsdHJ4TVXn3pmuJt8HG1pV5KHueq5qYvq2+RjOrH9Uh8BFgFF7pVrQqrLlPACu6s76U0X9tZLStbMY3kd13XzGM5Kmn7BHobed9Sh8jWKxO+HT3thkr2HsO0OFw==\n",
            "public_key_pem": "-----BEGIN PUBLIC KEY-----\nMIICIjANBgkqhkiG9w0BAQEFAAOCAg8AMIICCgKCAgEA4W7M2fQNdyKdAta8DJNV\nAiTLKFOwf6jw7myEynlnvZ0WahzIB1m6U0S4dQRbynbyOnRT7cu48wZSETNdV+5e\nYbVXeuKDgOTRCc44hTwSlyP7xJIruWgBOCrOEa5z/hTJXmISWX3IvpbezgOIGIaK\nnp/eO5o3yi0lbg9tjgqMSoc404uhNK14GTabOWW5BGdyt4WpHqOuciIzh4GWOx3q\nLFyzBERscQoznJfpegikxbEHKrgTC0witU2IYBA29/+R9nLWvuORwKgoAUtqeWPL\nxJU5WUz2+fCuKiIzvvXXpqFCu0gC9KnNTUnBmfHDbP5Uo5fM3gYU8Gr3ZgC0iUfC\nM6DI9S+Kt5i/8VByDmVEKCE4qiFShPCcOvOzLkj+xW04v04bTAAj9f5ZrOsgWKCb\n6fCWixOc2GIFnQzQolp1qyHnzsfOJQYfes7BGj3qNOfQ8j5jmijCgOirlFupjR30\nuQ085LNX9/oS6yA98VFpkG8zDr3oEKcYYZNPaluT6Swqkz9GRetGg0Kkv06qDXJm\nCFeNcRiVUwVciyMrTVtMfdFnaa4YBbHRyeE1V596ZribfBxtaVeSh7nquamL6tvk\nYzqx/VIfARYBRe6Va0Kqy5TwArurO+lNF/bWS0rWzGN5Hdd18xjOSpp+wR6G3nfU\nofI1isTvh097YZK9h7DtDhcCAwEAAQ==\n-----END PUBLIC KEY-----\n",
            "rsa_bits": 4096
          },
          "sensitive_attributes": [
            [
              {
                "type": "get_attr",
                "value": "private_key_pem_pkcs8"
              }
            ],
            [
              {
                "type": "get_attr",
                "value": "private_key_openssh"
              }
            ],
            [
              {
                "type": "get_attr",
                "value": "private_key_pem"
              }
            ]
          ]
        }
      ]
    }
  ],
  "check_results": null
}
